// !$*UTF8*$!
{
	archiveVersion = 1;
	classes = {
	};
	objectVersion = 56;
	objects = {

/* Begin PBXBuildFile section */
		681CE6C42B26D1F60037EA53 /* LQRoomMaiWeiEmotionView.swift in Sources */ = {isa = PBXBuildFile; fileRef = 681CE6C32B26D1F60037EA53 /* LQRoomMaiWeiEmotionView.swift */; };
		682066042B16E28700211D98 /* LQMaiWeiProtocol.swift in Sources */ = {isa = PBXBuildFile; fileRef = 682066032B16E28700211D98 /* LQMaiWeiProtocol.swift */; };
		68252F7D2B0B15200024EC76 /* readme.txt in Resources */ = {isa = PBXBuildFile; fileRef = 68252F7C2B0B15200024EC76 /* readme.txt */; };
		68252F842B0B2D700024EC76 /* PlayVapView.swift in Sources */ = {isa = PBXBuildFile; fileRef = 68252F832B0B2D700024EC76 /* PlayVapView.swift */; };
		68252F862B0B305A0024EC76 /* RoomPlayJoinEffectManager.swift in Sources */ = {isa = PBXBuildFile; fileRef = 68252F852B0B305A0024EC76 /* RoomPlayJoinEffectManager.swift */; };
		68252F882B0B370E0024EC76 /* RoomPlayViewController.swift in Sources */ = {isa = PBXBuildFile; fileRef = 68252F872B0B370E0024EC76 /* RoomPlayViewController.swift */; };
		68252F8A2B0B39210024EC76 /* ExampleViewController.swift in Sources */ = {isa = PBXBuildFile; fileRef = 68252F892B0B39210024EC76 /* ExampleViewController.swift */; };
		68252FA62B0B42270024EC76 /* LQMessageModel.swift in Sources */ = {isa = PBXBuildFile; fileRef = 68252F8D2B0B42260024EC76 /* LQMessageModel.swift */; };
		68252FA72B0B42270024EC76 /* HonourTagView.swift in Sources */ = {isa = PBXBuildFile; fileRef = 68252F8F2B0B42260024EC76 /* HonourTagView.swift */; };
		68252FA82B0B42270024EC76 /* LQMessageNobbleJoinCell.swift in Sources */ = {isa = PBXBuildFile; fileRef = 68252F912B0B42260024EC76 /* LQMessageNobbleJoinCell.swift */; };
		68252FA92B0B42270024EC76 /* LQMessageNormalJoinCell.swift in Sources */ = {isa = PBXBuildFile; fileRef = 68252F922B0B42260024EC76 /* LQMessageNormalJoinCell.swift */; };
		68252FAA2B0B42270024EC76 /* LQMeesageRoomAnnouncCell.swift in Sources */ = {isa = PBXBuildFile; fileRef = 68252F932B0B42260024EC76 /* LQMeesageRoomAnnouncCell.swift */; };
		68252FAB2B0B42270024EC76 /* LQMeesageShangMaiCell.swift in Sources */ = {isa = PBXBuildFile; fileRef = 68252F942B0B42260024EC76 /* LQMeesageShangMaiCell.swift */; };
		68252FAC2B0B42270024EC76 /* LQMessageImageCell.swift in Sources */ = {isa = PBXBuildFile; fileRef = 68252F952B0B42260024EC76 /* LQMessageImageCell.swift */; };
		68252FAD2B0B42270024EC76 /* VipPictureConfig.swift in Sources */ = {isa = PBXBuildFile; fileRef = 68252F962B0B42260024EC76 /* VipPictureConfig.swift */; };
		68252FAE2B0B42270024EC76 /* LQMessageTextCell.swift in Sources */ = {isa = PBXBuildFile; fileRef = 68252F972B0B42260024EC76 /* LQMessageTextCell.swift */; };
		68252FAF2B0B42270024EC76 /* LQMessageGiftCell.swift in Sources */ = {isa = PBXBuildFile; fileRef = 68252F982B0B42260024EC76 /* LQMessageGiftCell.swift */; };
		68252FB02B0B42270024EC76 /* LQMessageAiteCell.swift in Sources */ = {isa = PBXBuildFile; fileRef = 68252F992B0B42260024EC76 /* LQMessageAiteCell.swift */; };
		68252FB12B0B42270024EC76 /* LQMessageWelcomeCell.swift in Sources */ = {isa = PBXBuildFile; fileRef = 68252F9A2B0B42260024EC76 /* LQMessageWelcomeCell.swift */; };
		68252FB22B0B42270024EC76 /* LQMeesageAnnouncCell.swift in Sources */ = {isa = PBXBuildFile; fileRef = 68252F9B2B0B42260024EC76 /* LQMeesageAnnouncCell.swift */; };
		68252FB32B0B42270024EC76 /* RoomMessageTableView.swift in Sources */ = {isa = PBXBuildFile; fileRef = 68252F9C2B0B42260024EC76 /* RoomMessageTableView.swift */; };
		68252FB42B0B42270024EC76 /* LQMessageBubbleCell.swift in Sources */ = {isa = PBXBuildFile; fileRef = 68252F9E2B0B42260024EC76 /* LQMessageBubbleCell.swift */; };
		68252FB52B0B42270024EC76 /* LQOnlyBubbleCell.swift in Sources */ = {isa = PBXBuildFile; fileRef = 68252F9F2B0B42260024EC76 /* LQOnlyBubbleCell.swift */; };
		68252FB62B0B42270024EC76 /* LQMessageCell.swift in Sources */ = {isa = PBXBuildFile; fileRef = 68252FA02B0B42260024EC76 /* LQMessageCell.swift */; };
		68252FB72B0B42270024EC76 /* LQMessageTagsView.swift in Sources */ = {isa = PBXBuildFile; fileRef = 68252FA12B0B42260024EC76 /* LQMessageTagsView.swift */; };
		68252FB82B0B42270024EC76 /* LQMessageBaseCell.swift in Sources */ = {isa = PBXBuildFile; fileRef = 68252FA22B0B42260024EC76 /* LQMessageBaseCell.swift */; };
		68252FB92B0B42270024EC76 /* MessageViewController.swift in Sources */ = {isa = PBXBuildFile; fileRef = 68252FA32B0B42260024EC76 /* MessageViewController.swift */; };
		68252FBA2B0B42270024EC76 /* LQMessageCellProtocol.swift in Sources */ = {isa = PBXBuildFile; fileRef = 68252FA52B0B42270024EC76 /* LQMessageCellProtocol.swift */; };
		68252FBC2B0B43570024EC76 /* HeaderStaticView.swift in Sources */ = {isa = PBXBuildFile; fileRef = 68252FBB2B0B43570024EC76 /* HeaderStaticView.swift */; };
		68252FCF2B0B58770024EC76 /* MSDressViewModel.swift in Sources */ = {isa = PBXBuildFile; fileRef = 68252FBF2B0B58770024EC76 /* MSDressViewModel.swift */; };
		68252FD02B0B58770024EC76 /* MSDressBuyViewModel.swift in Sources */ = {isa = PBXBuildFile; fileRef = 68252FC02B0B58770024EC76 /* MSDressBuyViewModel.swift */; };
		68252FD12B0B58770024EC76 /* MyDressPreviewView+Protocol.swift in Sources */ = {isa = PBXBuildFile; fileRef = 68252FC22B0B58770024EC76 /* MyDressPreviewView+Protocol.swift */; };
		68252FD22B0B58770024EC76 /* MSDressPreviewView.swift in Sources */ = {isa = PBXBuildFile; fileRef = 68252FC32B0B58770024EC76 /* MSDressPreviewView.swift */; };
		68252FD32B0B58770024EC76 /* My+API.swift in Sources */ = {isa = PBXBuildFile; fileRef = 68252FC52B0B58770024EC76 /* My+API.swift */; };
		68252FD42B0B58770024EC76 /* MSDressSegmentVC.swift in Sources */ = {isa = PBXBuildFile; fileRef = 68252FC72B0B58770024EC76 /* MSDressSegmentVC.swift */; };
		68252FD52B0B58770024EC76 /* MSDressCenterVC.swift in Sources */ = {isa = PBXBuildFile; fileRef = 68252FC82B0B58770024EC76 /* MSDressCenterVC.swift */; };
		68252FD62B0B58770024EC76 /* MSDressBuyVC.swift in Sources */ = {isa = PBXBuildFile; fileRef = 68252FC92B0B58770024EC76 /* MSDressBuyVC.swift */; };
		68252FD72B0B58770024EC76 /* MSDressModel.swift in Sources */ = {isa = PBXBuildFile; fileRef = 68252FCB2B0B58770024EC76 /* MSDressModel.swift */; };
		68252FD82B0B58770024EC76 /* MSDressBuyCell.swift in Sources */ = {isa = PBXBuildFile; fileRef = 68252FCD2B0B58770024EC76 /* MSDressBuyCell.swift */; };
		68252FD92B0B58770024EC76 /* MSDressCell.swift in Sources */ = {isa = PBXBuildFile; fileRef = 68252FCE2B0B58770024EC76 /* MSDressCell.swift */; };
		68252FDB2B0B596F0024EC76 /* PlayEffectsView.swift in Sources */ = {isa = PBXBuildFile; fileRef = 68252FDA2B0B596F0024EC76 /* PlayEffectsView.swift */; };
		68252FE22B0B5D4A0024EC76 /* MSSystemNoticeViewModel.swift in Sources */ = {isa = PBXBuildFile; fileRef = 68252FDE2B0B5D4A0024EC76 /* MSSystemNoticeViewModel.swift */; };
		68252FE32B0B5D4A0024EC76 /* MSSystemNoticeModel.swift in Sources */ = {isa = PBXBuildFile; fileRef = 68252FDF2B0B5D4A0024EC76 /* MSSystemNoticeModel.swift */; };
		68252FE42B0B5D4A0024EC76 /* MSSystemNoticeVC.swift in Sources */ = {isa = PBXBuildFile; fileRef = 68252FE02B0B5D4A0024EC76 /* MSSystemNoticeVC.swift */; };
		68252FE52B0B5D4A0024EC76 /* IM+API.swift in Sources */ = {isa = PBXBuildFile; fileRef = 68252FE12B0B5D4A0024EC76 /* IM+API.swift */; };
		68252FE72B0B5E470024EC76 /* YXBGifRefreshHeader.swift in Sources */ = {isa = PBXBuildFile; fileRef = 68252FE62B0B5E470024EC76 /* YXBGifRefreshHeader.swift */; };
		68252FE92B0B5F5A0024EC76 /* refeshIcon.gif in Resources */ = {isa = PBXBuildFile; fileRef = 68252FE82B0B5F5A0024EC76 /* refeshIcon.gif */; };
		68252FEC2B0B683A0024EC76 /* BannerViewController.swift in Sources */ = {isa = PBXBuildFile; fileRef = 68252FEB2B0B683A0024EC76 /* BannerViewController.swift */; };
		68252FEE2B0B6B7F0024EC76 /* NewRoomCollectionViewCell.swift in Sources */ = {isa = PBXBuildFile; fileRef = 68252FED2B0B6B7E0024EC76 /* NewRoomCollectionViewCell.swift */; };
		68252FF12B0C4D210024EC76 /* YXBPhotoBrowswer.swift in Sources */ = {isa = PBXBuildFile; fileRef = 68252FF02B0C4D210024EC76 /* YXBPhotoBrowswer.swift */; };
		68252FF32B0C4D670024EC76 /* BrowswerViewController.swift in Sources */ = {isa = PBXBuildFile; fileRef = 68252FF22B0C4D670024EC76 /* BrowswerViewController.swift */; };
		68252FF62B0C51010024EC76 /* DownloadViewController.swift in Sources */ = {isa = PBXBuildFile; fileRef = 68252FF52B0C51010024EC76 /* DownloadViewController.swift */; };
		68252FF82B0C55F50024EC76 /* String+YXB.swift in Sources */ = {isa = PBXBuildFile; fileRef = 68252FF72B0C55F50024EC76 /* String+YXB.swift */; };
		68252FFA2B0C561E0024EC76 /* Date+YXB.swift in Sources */ = {isa = PBXBuildFile; fileRef = 68252FF92B0C561E0024EC76 /* Date+YXB.swift */; };
		68252FFC2B0C56950024EC76 /* FileManager+YXB.swift in Sources */ = {isa = PBXBuildFile; fileRef = 68252FFB2B0C56950024EC76 /* FileManager+YXB.swift */; };
		68252FFE2B0C57EB0024EC76 /* PermissionManager.swift in Sources */ = {isa = PBXBuildFile; fileRef = 68252FFD2B0C57EB0024EC76 /* PermissionManager.swift */; };
		682530002B0C5CD60024EC76 /* LoadingGifView.swift in Sources */ = {isa = PBXBuildFile; fileRef = 68252FFF2B0C5CD60024EC76 /* LoadingGifView.swift */; };
		682530032B0C5DA30024EC76 /* LoadingGiftViewController.swift in Sources */ = {isa = PBXBuildFile; fileRef = 682530022B0C5DA30024EC76 /* LoadingGiftViewController.swift */; };
		682530062B0C668E0024EC76 /* LJKAudioCallAssistiveTouchView.swift in Sources */ = {isa = PBXBuildFile; fileRef = 682530052B0C668E0024EC76 /* LJKAudioCallAssistiveTouchView.swift */; };
		682530082B0C6D830024EC76 /* MaskViewController.swift in Sources */ = {isa = PBXBuildFile; fileRef = 682530072B0C6D830024EC76 /* MaskViewController.swift */; };
		6825300A2B0C77F00024EC76 /* LQCircleMaskAnimation.swift in Sources */ = {isa = PBXBuildFile; fileRef = 682530092B0C77F00024EC76 /* LQCircleMaskAnimation.swift */; };
		6825300C2B0C7B560024EC76 /* ExampleViewController+Mask.swift in Sources */ = {isa = PBXBuildFile; fileRef = 6825300B2B0C7B560024EC76 /* ExampleViewController+Mask.swift */; };
		6825300E2B0C7D550024EC76 /* LJKAudioTouchViewManager.swift in Sources */ = {isa = PBXBuildFile; fileRef = 6825300D2B0C7D550024EC76 /* LJKAudioTouchViewManager.swift */; };
		682530112B0CA5750024EC76 /* LQMaiWeiModel.swift in Sources */ = {isa = PBXBuildFile; fileRef = 682530102B0CA5750024EC76 /* LQMaiWeiModel.swift */; };
		682530142B0D8A3F0024EC76 /* LQAnimationQueue.swift in Sources */ = {isa = PBXBuildFile; fileRef = 682530132B0D8A3F0024EC76 /* LQAnimationQueue.swift */; };
		682530162B0DA7EB0024EC76 /* PiaoPingViewController.swift in Sources */ = {isa = PBXBuildFile; fileRef = 682530152B0DA7EB0024EC76 /* PiaoPingViewController.swift */; };
		682530182B0DA8690024EC76 /* FloatingScreenView.swift in Sources */ = {isa = PBXBuildFile; fileRef = 682530172B0DA8690024EC76 /* FloatingScreenView.swift */; };
		6825301A2B0DAA610024EC76 /* LQAnimationModel.swift in Sources */ = {isa = PBXBuildFile; fileRef = 682530192B0DAA610024EC76 /* LQAnimationModel.swift */; };
		6825301C2B0DAA850024EC76 /* LQAnimationProtocol.swift in Sources */ = {isa = PBXBuildFile; fileRef = 6825301B2B0DAA850024EC76 /* LQAnimationProtocol.swift */; };
		682530302B0F31AC0024EC76 /* FSNobbleView.swift in Sources */ = {isa = PBXBuildFile; fileRef = 6825302F2B0F31AC0024EC76 /* FSNobbleView.swift */; };
		682530322B0F3B930024EC76 /* FSBigGiftView.swift in Sources */ = {isa = PBXBuildFile; fileRef = 682530312B0F3B930024EC76 /* FSBigGiftView.swift */; };
		682530382B1032D80024EC76 /* LQMicrophoneUserView.swift in Sources */ = {isa = PBXBuildFile; fileRef = 682530372B1032D80024EC76 /* LQMicrophoneUserView.swift */; };
		6825303A2B1040BE0024EC76 /* AppDelegate+SDWebImage.swift in Sources */ = {isa = PBXBuildFile; fileRef = 682530392B1040BE0024EC76 /* AppDelegate+SDWebImage.swift */; };
		6825303C2B1044A10024EC76 /* LQYinLiangView.swift in Sources */ = {isa = PBXBuildFile; fileRef = 6825303B2B1044A10024EC76 /* LQYinLiangView.swift */; };
		6825303E2B1049320024EC76 /* LQMaiWeiView.swift in Sources */ = {isa = PBXBuildFile; fileRef = 6825303D2B1049320024EC76 /* LQMaiWeiView.swift */; };
		682530402B1088D20024EC76 /* LQMaiWeiCell.swift in Sources */ = {isa = PBXBuildFile; fileRef = 6825303F2B1088D20024EC76 /* LQMaiWeiCell.swift */; };
		682530422B108E780024EC76 /* LQMaiWeiViewController.swift in Sources */ = {isa = PBXBuildFile; fileRef = 682530412B108E780024EC76 /* LQMaiWeiViewController.swift */; };
		682530442B1098C20024EC76 /* LQAllMailWeiView.swift in Sources */ = {isa = PBXBuildFile; fileRef = 682530432B1098C20024EC76 /* LQAllMailWeiView.swift */; };
		682530462B109C3D0024EC76 /* micWave.webp in Resources */ = {isa = PBXBuildFile; fileRef = 682530452B109C3D0024EC76 /* micWave.webp */; };
		682530482B10AE6B0024EC76 /* LQMaiWeiViewModel.swift in Sources */ = {isa = PBXBuildFile; fileRef = 682530472B10AE6B0024EC76 /* LQMaiWeiViewModel.swift */; };
		6825306B2B11E59B0024EC76 /* LQMaiWeiViewModel+ReceiveMessage.swift in Sources */ = {isa = PBXBuildFile; fileRef = 6825306A2B11E59B0024EC76 /* LQMaiWeiViewModel+ReceiveMessage.swift */; };
		6847E0732B203D9300FD3D79 /* LQPersonOpenTimeView.swift in Sources */ = {isa = PBXBuildFile; fileRef = 6847E0722B203D9300FD3D79 /* LQPersonOpenTimeView.swift */; };
		6847E0762B2049F000FD3D79 /* LQPKMaiWeiView.swift in Sources */ = {isa = PBXBuildFile; fileRef = 6847E0752B2049F000FD3D79 /* LQPKMaiWeiView.swift */; };
		6847E0782B20512C00FD3D79 /* LQPKSortUserView.swift in Sources */ = {isa = PBXBuildFile; fileRef = 6847E0772B20512C00FD3D79 /* LQPKSortUserView.swift */; };
		6847E07A2B20727500FD3D79 /* LQPKRankView.swift in Sources */ = {isa = PBXBuildFile; fileRef = 6847E0792B20727500FD3D79 /* LQPKRankView.swift */; };
		6847E07C2B20763400FD3D79 /* LQPKRedBlueRateView.swift in Sources */ = {isa = PBXBuildFile; fileRef = 6847E07B2B20763400FD3D79 /* LQPKRedBlueRateView.swift */; };
		6847E07E2B21662700FD3D79 /* LQPKTimerView.swift in Sources */ = {isa = PBXBuildFile; fileRef = 6847E07D2B21662700FD3D79 /* LQPKTimerView.swift */; };
		6847E0802B21743400FD3D79 /* LQPKMaiWeiCell.swift in Sources */ = {isa = PBXBuildFile; fileRef = 6847E07F2B21743400FD3D79 /* LQPKMaiWeiCell.swift */; };
		6847E0822B218F0400FD3D79 /* LQPKMaiWeiViewController.swift in Sources */ = {isa = PBXBuildFile; fileRef = 6847E0812B218F0300FD3D79 /* LQPKMaiWeiViewController.swift */; };
		68E67DE62B246248001CED99 /* pkReadyGo.gif in Resources */ = {isa = PBXBuildFile; fileRef = 68E67DE52B246248001CED99 /* pkReadyGo.gif */; };
		68E67DE82B246329001CED99 /* PKReadyGifView.swift in Sources */ = {isa = PBXBuildFile; fileRef = 68E67DE72B246329001CED99 /* PKReadyGifView.swift */; };
		68ED52D12B0760D80099F469 /* Assets.xcassets in Resources */ = {isa = PBXBuildFile; fileRef = 68ED52D02B0760D80099F469 /* Assets.xcassets */; };
		68ED52D42B0760D80099F469 /* Preview Assets.xcassets in Resources */ = {isa = PBXBuildFile; fileRef = 68ED52D32B0760D80099F469 /* Preview Assets.xcassets */; };
		68ED52DB2B0761520099F469 /* AppDelegate.swift in Sources */ = {isa = PBXBuildFile; fileRef = 68ED52DA2B0761520099F469 /* AppDelegate.swift */; };
		68ED530E2B07712A0099F469 /* YXBCountDownButton.swift in Sources */ = {isa = PBXBuildFile; fileRef = 68ED530D2B07712A0099F469 /* YXBCountDownButton.swift */; };
		68ED53122B0771300099F469 /* YXBButton.swift in Sources */ = {isa = PBXBuildFile; fileRef = 68ED530F2B0771300099F469 /* YXBButton.swift */; };
		68ED53132B0771300099F469 /* TwoLineLabel.swift in Sources */ = {isa = PBXBuildFile; fileRef = 68ED53102B0771300099F469 /* TwoLineLabel.swift */; };
		68ED53142B0771300099F469 /* TwoLineButton.swift in Sources */ = {isa = PBXBuildFile; fileRef = 68ED53112B0771300099F469 /* TwoLineButton.swift */; };
		68ED53192B07718F0099F469 /* MyUIFactory.swift in Sources */ = {isa = PBXBuildFile; fileRef = 68ED53182B07718F0099F469 /* MyUIFactory.swift */; };
		68ED531B2B07719A0099F469 /* GCDTimerManager.swift in Sources */ = {isa = PBXBuildFile; fileRef = 68ED531A2B07719A0099F469 /* GCDTimerManager.swift */; };
		68ED531F2B0771F90099F469 /* UIColor+Const.swift in Sources */ = {isa = PBXBuildFile; fileRef = 68ED531C2B0771F80099F469 /* UIColor+Const.swift */; };
		68ED53202B0771F90099F469 /* Screen+Const.swift in Sources */ = {isa = PBXBuildFile; fileRef = 68ED531D2B0771F80099F469 /* Screen+Const.swift */; };
		68ED53212B0771F90099F469 /* UIFont+Const.swift in Sources */ = {isa = PBXBuildFile; fileRef = 68ED531E2B0771F80099F469 /* UIFont+Const.swift */; };
		68ED53282B0772130099F469 /* UIView+Gradient.swift in Sources */ = {isa = PBXBuildFile; fileRef = 68ED53222B0772130099F469 /* UIView+Gradient.swift */; };
		68ED53292B0772130099F469 /* UIView+YXB.swift in Sources */ = {isa = PBXBuildFile; fileRef = 68ED53232B0772130099F469 /* UIView+YXB.swift */; };
		68ED532A2B0772130099F469 /* UIView+YYAdd.swift in Sources */ = {isa = PBXBuildFile; fileRef = 68ED53242B0772130099F469 /* UIView+YYAdd.swift */; };
		68ED532B2B0772130099F469 /* UIFont+PingFang.swift in Sources */ = {isa = PBXBuildFile; fileRef = 68ED53252B0772130099F469 /* UIFont+PingFang.swift */; };
		68ED532C2B0772130099F469 /* UIButton+YXB.swift in Sources */ = {isa = PBXBuildFile; fileRef = 68ED53262B0772130099F469 /* UIButton+YXB.swift */; };
		68ED532D2B0772130099F469 /* NSObject+ClassName.swift in Sources */ = {isa = PBXBuildFile; fileRef = 68ED53272B0772130099F469 /* NSObject+ClassName.swift */; };
		68ED532F2B08873E0099F469 /* NetworkBasicResponse.swift in Sources */ = {isa = PBXBuildFile; fileRef = 68ED532E2B08873E0099F469 /* NetworkBasicResponse.swift */; };
		68ED53342B0887740099F469 /* NetworkError.swift in Sources */ = {isa = PBXBuildFile; fileRef = 68ED53302B0887740099F469 /* NetworkError.swift */; };
		68ED53352B0887740099F469 /* NetworkCode.swift in Sources */ = {isa = PBXBuildFile; fileRef = 68ED53312B0887740099F469 /* NetworkCode.swift */; };
		68ED53362B0887740099F469 /* NetworkManager.swift in Sources */ = {isa = PBXBuildFile; fileRef = 68ED53322B0887740099F469 /* NetworkManager.swift */; };
		68ED53372B0887740099F469 /* Env.swift in Sources */ = {isa = PBXBuildFile; fileRef = 68ED53332B0887740099F469 /* Env.swift */; };
		68ED53472B0887870099F469 /* APIParameters.swift in Sources */ = {isa = PBXBuildFile; fileRef = 68ED53392B0887870099F469 /* APIParameters.swift */; };
		68ED53482B0887870099F469 /* APIRouter.swift in Sources */ = {isa = PBXBuildFile; fileRef = 68ED533A2B0887870099F469 /* APIRouter.swift */; };
		68ED53492B0887870099F469 /* APIServer.swift in Sources */ = {isa = PBXBuildFile; fileRef = 68ED533B2B0887870099F469 /* APIServer.swift */; };
		68ED534A2B0887870099F469 /* LogCustomPlugin.swift in Sources */ = {isa = PBXBuildFile; fileRef = 68ED533D2B0887870099F469 /* LogCustomPlugin.swift */; };
		68ED534B2B0887870099F469 /* ToastPlugin.swift in Sources */ = {isa = PBXBuildFile; fileRef = 68ED533E2B0887870099F469 /* ToastPlugin.swift */; };
		68ED534C2B0887870099F469 /* CachePlugin.swift in Sources */ = {isa = PBXBuildFile; fileRef = 68ED533F2B0887870099F469 /* CachePlugin.swift */; };
		68ED534D2B0887870099F469 /* RSAPlugin.swift in Sources */ = {isa = PBXBuildFile; fileRef = 68ED53402B0887870099F469 /* RSAPlugin.swift */; };
		68ED534E2B0887870099F469 /* LogPlugin.swift in Sources */ = {isa = PBXBuildFile; fileRef = 68ED53412B0887870099F469 /* LogPlugin.swift */; };
		68ED534F2B0887870099F469 /* NetowrkPluginManager.swift in Sources */ = {isa = PBXBuildFile; fileRef = 68ED53422B0887870099F469 /* NetowrkPluginManager.swift */; };
		68ED53502B0887870099F469 /* AuthPlugin.swift in Sources */ = {isa = PBXBuildFile; fileRef = 68ED53432B0887870099F469 /* AuthPlugin.swift */; };
		68ED53512B0887870099F469 /* ProgressPlugin.swift in Sources */ = {isa = PBXBuildFile; fileRef = 68ED53442B0887870099F469 /* ProgressPlugin.swift */; };
		68ED53522B0887870099F469 /* MyMoyaExmple.swift in Sources */ = {isa = PBXBuildFile; fileRef = 68ED53462B0887870099F469 /* MyMoyaExmple.swift */; };
		68ED53542B0887C60099F469 /* YXBBaseViewController.swift in Sources */ = {isa = PBXBuildFile; fileRef = 68ED53532B0887C60099F469 /* YXBBaseViewController.swift */; };
		68ED53562B08882D0099F469 /* YXBImageCache.swift in Sources */ = {isa = PBXBuildFile; fileRef = 68ED53552B08882D0099F469 /* YXBImageCache.swift */; };
		68ED53582B0888860099F469 /* User+Const.swift in Sources */ = {isa = PBXBuildFile; fileRef = 68ED53572B0888860099F469 /* User+Const.swift */; };
		68ED535A2B088DA00099F469 /* AppDelegate+DBDebugTool.swift in Sources */ = {isa = PBXBuildFile; fileRef = 68ED53592B088DA00099F469 /* AppDelegate+DBDebugTool.swift */; };
		68ED535E2B08C1B80099F469 /* IPNRSAUtil.swift in Sources */ = {isa = PBXBuildFile; fileRef = 68ED535D2B08C1B80099F469 /* IPNRSAUtil.swift */; };
		8EE63CAC2BA993086660B981 /* libPods-YXBShelfProject.a in Frameworks */ = {isa = PBXBuildFile; fileRef = DEFD9847B1C5B3D5D2748B2E /* libPods-YXBShelfProject.a */; };
/* End PBXBuildFile section */

/* Begin PBXFileReference section */
		33E84C5C1F29AE3702F08AC2 /* Pods-YXBShelfProject.debug.xcconfig */ = {isa = PBXFileReference; includeInIndex = 1; lastKnownFileType = text.xcconfig; name = "Pods-YXBShelfProject.debug.xcconfig"; path = "Target Support Files/Pods-YXBShelfProject/Pods-YXBShelfProject.debug.xcconfig"; sourceTree = "<group>"; };
		41AF1471FBF82B1FA0C960B3 /* Pods-YXBShelfProject.staging.xcconfig */ = {isa = PBXFileReference; includeInIndex = 1; lastKnownFileType = text.xcconfig; name = "Pods-YXBShelfProject.staging.xcconfig"; path = "Target Support Files/Pods-YXBShelfProject/Pods-YXBShelfProject.staging.xcconfig"; sourceTree = "<group>"; };
		681CE6C32B26D1F60037EA53 /* LQRoomMaiWeiEmotionView.swift */ = {isa = PBXFileReference; lastKnownFileType = sourcecode.swift; path = LQRoomMaiWeiEmotionView.swift; sourceTree = "<group>"; };
		682066032B16E28700211D98 /* LQMaiWeiProtocol.swift */ = {isa = PBXFileReference; lastKnownFileType = sourcecode.swift; path = LQMaiWeiProtocol.swift; sourceTree = "<group>"; };
		68252F7C2B0B15200024EC76 /* readme.txt */ = {isa = PBXFileReference; fileEncoding = 4; lastKnownFileType = text; path = readme.txt; sourceTree = "<group>"; };
		68252F832B0B2D700024EC76 /* PlayVapView.swift */ = {isa = PBXFileReference; fileEncoding = 4; lastKnownFileType = sourcecode.swift; path = PlayVapView.swift; sourceTree = "<group>"; };
		68252F852B0B305A0024EC76 /* RoomPlayJoinEffectManager.swift */ = {isa = PBXFileReference; lastKnownFileType = sourcecode.swift; path = RoomPlayJoinEffectManager.swift; sourceTree = "<group>"; };
		68252F872B0B370E0024EC76 /* RoomPlayViewController.swift */ = {isa = PBXFileReference; lastKnownFileType = sourcecode.swift; path = RoomPlayViewController.swift; sourceTree = "<group>"; };
		68252F892B0B39210024EC76 /* ExampleViewController.swift */ = {isa = PBXFileReference; lastKnownFileType = sourcecode.swift; path = ExampleViewController.swift; sourceTree = "<group>"; };
		68252F8D2B0B42260024EC76 /* LQMessageModel.swift */ = {isa = PBXFileReference; fileEncoding = 4; lastKnownFileType = sourcecode.swift; path = LQMessageModel.swift; sourceTree = "<group>"; };
		68252F8F2B0B42260024EC76 /* HonourTagView.swift */ = {isa = PBXFileReference; fileEncoding = 4; lastKnownFileType = sourcecode.swift; path = HonourTagView.swift; sourceTree = "<group>"; };
		68252F912B0B42260024EC76 /* LQMessageNobbleJoinCell.swift */ = {isa = PBXFileReference; fileEncoding = 4; lastKnownFileType = sourcecode.swift; path = LQMessageNobbleJoinCell.swift; sourceTree = "<group>"; };
		68252F922B0B42260024EC76 /* LQMessageNormalJoinCell.swift */ = {isa = PBXFileReference; fileEncoding = 4; lastKnownFileType = sourcecode.swift; path = LQMessageNormalJoinCell.swift; sourceTree = "<group>"; };
		68252F932B0B42260024EC76 /* LQMeesageRoomAnnouncCell.swift */ = {isa = PBXFileReference; fileEncoding = 4; lastKnownFileType = sourcecode.swift; path = LQMeesageRoomAnnouncCell.swift; sourceTree = "<group>"; };
		68252F942B0B42260024EC76 /* LQMeesageShangMaiCell.swift */ = {isa = PBXFileReference; fileEncoding = 4; lastKnownFileType = sourcecode.swift; path = LQMeesageShangMaiCell.swift; sourceTree = "<group>"; };
		68252F952B0B42260024EC76 /* LQMessageImageCell.swift */ = {isa = PBXFileReference; fileEncoding = 4; lastKnownFileType = sourcecode.swift; path = LQMessageImageCell.swift; sourceTree = "<group>"; };
		68252F962B0B42260024EC76 /* VipPictureConfig.swift */ = {isa = PBXFileReference; fileEncoding = 4; lastKnownFileType = sourcecode.swift; path = VipPictureConfig.swift; sourceTree = "<group>"; };
		68252F972B0B42260024EC76 /* LQMessageTextCell.swift */ = {isa = PBXFileReference; fileEncoding = 4; lastKnownFileType = sourcecode.swift; path = LQMessageTextCell.swift; sourceTree = "<group>"; };
		68252F982B0B42260024EC76 /* LQMessageGiftCell.swift */ = {isa = PBXFileReference; fileEncoding = 4; lastKnownFileType = sourcecode.swift; path = LQMessageGiftCell.swift; sourceTree = "<group>"; };
		68252F992B0B42260024EC76 /* LQMessageAiteCell.swift */ = {isa = PBXFileReference; fileEncoding = 4; lastKnownFileType = sourcecode.swift; path = LQMessageAiteCell.swift; sourceTree = "<group>"; };
		68252F9A2B0B42260024EC76 /* LQMessageWelcomeCell.swift */ = {isa = PBXFileReference; fileEncoding = 4; lastKnownFileType = sourcecode.swift; path = LQMessageWelcomeCell.swift; sourceTree = "<group>"; };
		68252F9B2B0B42260024EC76 /* LQMeesageAnnouncCell.swift */ = {isa = PBXFileReference; fileEncoding = 4; lastKnownFileType = sourcecode.swift; path = LQMeesageAnnouncCell.swift; sourceTree = "<group>"; };
		68252F9C2B0B42260024EC76 /* RoomMessageTableView.swift */ = {isa = PBXFileReference; fileEncoding = 4; lastKnownFileType = sourcecode.swift; path = RoomMessageTableView.swift; sourceTree = "<group>"; };
		68252F9E2B0B42260024EC76 /* LQMessageBubbleCell.swift */ = {isa = PBXFileReference; fileEncoding = 4; lastKnownFileType = sourcecode.swift; path = LQMessageBubbleCell.swift; sourceTree = "<group>"; };
		68252F9F2B0B42260024EC76 /* LQOnlyBubbleCell.swift */ = {isa = PBXFileReference; fileEncoding = 4; lastKnownFileType = sourcecode.swift; path = LQOnlyBubbleCell.swift; sourceTree = "<group>"; };
		68252FA02B0B42260024EC76 /* LQMessageCell.swift */ = {isa = PBXFileReference; fileEncoding = 4; lastKnownFileType = sourcecode.swift; path = LQMessageCell.swift; sourceTree = "<group>"; };
		68252FA12B0B42260024EC76 /* LQMessageTagsView.swift */ = {isa = PBXFileReference; fileEncoding = 4; lastKnownFileType = sourcecode.swift; path = LQMessageTagsView.swift; sourceTree = "<group>"; };
		68252FA22B0B42260024EC76 /* LQMessageBaseCell.swift */ = {isa = PBXFileReference; fileEncoding = 4; lastKnownFileType = sourcecode.swift; path = LQMessageBaseCell.swift; sourceTree = "<group>"; };
		68252FA32B0B42260024EC76 /* MessageViewController.swift */ = {isa = PBXFileReference; fileEncoding = 4; lastKnownFileType = sourcecode.swift; path = MessageViewController.swift; sourceTree = "<group>"; };
		68252FA52B0B42270024EC76 /* LQMessageCellProtocol.swift */ = {isa = PBXFileReference; fileEncoding = 4; lastKnownFileType = sourcecode.swift; path = LQMessageCellProtocol.swift; sourceTree = "<group>"; };
		68252FBB2B0B43570024EC76 /* HeaderStaticView.swift */ = {isa = PBXFileReference; fileEncoding = 4; lastKnownFileType = sourcecode.swift; path = HeaderStaticView.swift; sourceTree = "<group>"; };
		68252FBF2B0B58770024EC76 /* MSDressViewModel.swift */ = {isa = PBXFileReference; fileEncoding = 4; lastKnownFileType = sourcecode.swift; path = MSDressViewModel.swift; sourceTree = "<group>"; };
		68252FC02B0B58770024EC76 /* MSDressBuyViewModel.swift */ = {isa = PBXFileReference; fileEncoding = 4; lastKnownFileType = sourcecode.swift; path = MSDressBuyViewModel.swift; sourceTree = "<group>"; };
		68252FC22B0B58770024EC76 /* MyDressPreviewView+Protocol.swift */ = {isa = PBXFileReference; fileEncoding = 4; lastKnownFileType = sourcecode.swift; path = "MyDressPreviewView+Protocol.swift"; sourceTree = "<group>"; };
		68252FC32B0B58770024EC76 /* MSDressPreviewView.swift */ = {isa = PBXFileReference; fileEncoding = 4; lastKnownFileType = sourcecode.swift; path = MSDressPreviewView.swift; sourceTree = "<group>"; };
		68252FC52B0B58770024EC76 /* My+API.swift */ = {isa = PBXFileReference; fileEncoding = 4; lastKnownFileType = sourcecode.swift; path = "My+API.swift"; sourceTree = "<group>"; };
		68252FC72B0B58770024EC76 /* MSDressSegmentVC.swift */ = {isa = PBXFileReference; fileEncoding = 4; lastKnownFileType = sourcecode.swift; path = MSDressSegmentVC.swift; sourceTree = "<group>"; };
		68252FC82B0B58770024EC76 /* MSDressCenterVC.swift */ = {isa = PBXFileReference; fileEncoding = 4; lastKnownFileType = sourcecode.swift; path = MSDressCenterVC.swift; sourceTree = "<group>"; };
		68252FC92B0B58770024EC76 /* MSDressBuyVC.swift */ = {isa = PBXFileReference; fileEncoding = 4; lastKnownFileType = sourcecode.swift; path = MSDressBuyVC.swift; sourceTree = "<group>"; };
		68252FCB2B0B58770024EC76 /* MSDressModel.swift */ = {isa = PBXFileReference; fileEncoding = 4; lastKnownFileType = sourcecode.swift; path = MSDressModel.swift; sourceTree = "<group>"; };
		68252FCD2B0B58770024EC76 /* MSDressBuyCell.swift */ = {isa = PBXFileReference; fileEncoding = 4; lastKnownFileType = sourcecode.swift; path = MSDressBuyCell.swift; sourceTree = "<group>"; };
		68252FCE2B0B58770024EC76 /* MSDressCell.swift */ = {isa = PBXFileReference; fileEncoding = 4; lastKnownFileType = sourcecode.swift; path = MSDressCell.swift; sourceTree = "<group>"; };
		68252FDA2B0B596F0024EC76 /* PlayEffectsView.swift */ = {isa = PBXFileReference; fileEncoding = 4; lastKnownFileType = sourcecode.swift; path = PlayEffectsView.swift; sourceTree = "<group>"; };
		68252FDE2B0B5D4A0024EC76 /* MSSystemNoticeViewModel.swift */ = {isa = PBXFileReference; fileEncoding = 4; lastKnownFileType = sourcecode.swift; path = MSSystemNoticeViewModel.swift; sourceTree = "<group>"; };
		68252FDF2B0B5D4A0024EC76 /* MSSystemNoticeModel.swift */ = {isa = PBXFileReference; fileEncoding = 4; lastKnownFileType = sourcecode.swift; path = MSSystemNoticeModel.swift; sourceTree = "<group>"; };
		68252FE02B0B5D4A0024EC76 /* MSSystemNoticeVC.swift */ = {isa = PBXFileReference; fileEncoding = 4; lastKnownFileType = sourcecode.swift; path = MSSystemNoticeVC.swift; sourceTree = "<group>"; };
		68252FE12B0B5D4A0024EC76 /* IM+API.swift */ = {isa = PBXFileReference; fileEncoding = 4; lastKnownFileType = sourcecode.swift; path = "IM+API.swift"; sourceTree = "<group>"; };
		68252FE62B0B5E470024EC76 /* YXBGifRefreshHeader.swift */ = {isa = PBXFileReference; fileEncoding = 4; lastKnownFileType = sourcecode.swift; path = YXBGifRefreshHeader.swift; sourceTree = "<group>"; };
		68252FE82B0B5F5A0024EC76 /* refeshIcon.gif */ = {isa = PBXFileReference; lastKnownFileType = image.gif; path = refeshIcon.gif; sourceTree = "<group>"; };
		68252FEB2B0B683A0024EC76 /* BannerViewController.swift */ = {isa = PBXFileReference; lastKnownFileType = sourcecode.swift; path = BannerViewController.swift; sourceTree = "<group>"; };
		68252FED2B0B6B7E0024EC76 /* NewRoomCollectionViewCell.swift */ = {isa = PBXFileReference; fileEncoding = 4; lastKnownFileType = sourcecode.swift; path = NewRoomCollectionViewCell.swift; sourceTree = "<group>"; };
		68252FF02B0C4D210024EC76 /* YXBPhotoBrowswer.swift */ = {isa = PBXFileReference; lastKnownFileType = sourcecode.swift; path = YXBPhotoBrowswer.swift; sourceTree = "<group>"; };
		68252FF22B0C4D670024EC76 /* BrowswerViewController.swift */ = {isa = PBXFileReference; lastKnownFileType = sourcecode.swift; path = BrowswerViewController.swift; sourceTree = "<group>"; };
		68252FF52B0C51010024EC76 /* DownloadViewController.swift */ = {isa = PBXFileReference; lastKnownFileType = sourcecode.swift; path = DownloadViewController.swift; sourceTree = "<group>"; };
		68252FF72B0C55F50024EC76 /* String+YXB.swift */ = {isa = PBXFileReference; lastKnownFileType = sourcecode.swift; path = "String+YXB.swift"; sourceTree = "<group>"; };
		68252FF92B0C561E0024EC76 /* Date+YXB.swift */ = {isa = PBXFileReference; lastKnownFileType = sourcecode.swift; path = "Date+YXB.swift"; sourceTree = "<group>"; };
		68252FFB2B0C56950024EC76 /* FileManager+YXB.swift */ = {isa = PBXFileReference; lastKnownFileType = sourcecode.swift; path = "FileManager+YXB.swift"; sourceTree = "<group>"; };
		68252FFD2B0C57EB0024EC76 /* PermissionManager.swift */ = {isa = PBXFileReference; lastKnownFileType = sourcecode.swift; path = PermissionManager.swift; sourceTree = "<group>"; };
		68252FFF2B0C5CD60024EC76 /* LoadingGifView.swift */ = {isa = PBXFileReference; lastKnownFileType = sourcecode.swift; path = LoadingGifView.swift; sourceTree = "<group>"; };
		682530022B0C5DA30024EC76 /* LoadingGiftViewController.swift */ = {isa = PBXFileReference; lastKnownFileType = sourcecode.swift; path = LoadingGiftViewController.swift; sourceTree = "<group>"; };
		682530052B0C668E0024EC76 /* LJKAudioCallAssistiveTouchView.swift */ = {isa = PBXFileReference; lastKnownFileType = sourcecode.swift; path = LJKAudioCallAssistiveTouchView.swift; sourceTree = "<group>"; };
		682530072B0C6D830024EC76 /* MaskViewController.swift */ = {isa = PBXFileReference; lastKnownFileType = sourcecode.swift; path = MaskViewController.swift; sourceTree = "<group>"; };
		682530092B0C77F00024EC76 /* LQCircleMaskAnimation.swift */ = {isa = PBXFileReference; lastKnownFileType = sourcecode.swift; path = LQCircleMaskAnimation.swift; sourceTree = "<group>"; };
		6825300B2B0C7B560024EC76 /* ExampleViewController+Mask.swift */ = {isa = PBXFileReference; lastKnownFileType = sourcecode.swift; path = "ExampleViewController+Mask.swift"; sourceTree = "<group>"; };
		6825300D2B0C7D550024EC76 /* LJKAudioTouchViewManager.swift */ = {isa = PBXFileReference; lastKnownFileType = sourcecode.swift; path = LJKAudioTouchViewManager.swift; sourceTree = "<group>"; };
		682530102B0CA5750024EC76 /* LQMaiWeiModel.swift */ = {isa = PBXFileReference; lastKnownFileType = sourcecode.swift; path = LQMaiWeiModel.swift; sourceTree = "<group>"; };
		682530132B0D8A3F0024EC76 /* LQAnimationQueue.swift */ = {isa = PBXFileReference; lastKnownFileType = sourcecode.swift; path = LQAnimationQueue.swift; sourceTree = "<group>"; };
		682530152B0DA7EB0024EC76 /* PiaoPingViewController.swift */ = {isa = PBXFileReference; lastKnownFileType = sourcecode.swift; path = PiaoPingViewController.swift; sourceTree = "<group>"; };
		682530172B0DA8690024EC76 /* FloatingScreenView.swift */ = {isa = PBXFileReference; lastKnownFileType = sourcecode.swift; path = FloatingScreenView.swift; sourceTree = "<group>"; };
		682530192B0DAA610024EC76 /* LQAnimationModel.swift */ = {isa = PBXFileReference; lastKnownFileType = sourcecode.swift; path = LQAnimationModel.swift; sourceTree = "<group>"; };
		6825301B2B0DAA850024EC76 /* LQAnimationProtocol.swift */ = {isa = PBXFileReference; lastKnownFileType = sourcecode.swift; path = LQAnimationProtocol.swift; sourceTree = "<group>"; };
		6825302F2B0F31AC0024EC76 /* FSNobbleView.swift */ = {isa = PBXFileReference; lastKnownFileType = sourcecode.swift; path = FSNobbleView.swift; sourceTree = "<group>"; };
		682530312B0F3B930024EC76 /* FSBigGiftView.swift */ = {isa = PBXFileReference; lastKnownFileType = sourcecode.swift; path = FSBigGiftView.swift; sourceTree = "<group>"; };
		682530372B1032D80024EC76 /* LQMicrophoneUserView.swift */ = {isa = PBXFileReference; lastKnownFileType = sourcecode.swift; path = LQMicrophoneUserView.swift; sourceTree = "<group>"; };
		682530392B1040BE0024EC76 /* AppDelegate+SDWebImage.swift */ = {isa = PBXFileReference; lastKnownFileType = sourcecode.swift; path = "AppDelegate+SDWebImage.swift"; sourceTree = "<group>"; };
		6825303B2B1044A10024EC76 /* LQYinLiangView.swift */ = {isa = PBXFileReference; lastKnownFileType = sourcecode.swift; path = LQYinLiangView.swift; sourceTree = "<group>"; };
		6825303D2B1049320024EC76 /* LQMaiWeiView.swift */ = {isa = PBXFileReference; lastKnownFileType = sourcecode.swift; path = LQMaiWeiView.swift; sourceTree = "<group>"; };
		6825303F2B1088D20024EC76 /* LQMaiWeiCell.swift */ = {isa = PBXFileReference; lastKnownFileType = sourcecode.swift; path = LQMaiWeiCell.swift; sourceTree = "<group>"; };
		682530412B108E780024EC76 /* LQMaiWeiViewController.swift */ = {isa = PBXFileReference; lastKnownFileType = sourcecode.swift; path = LQMaiWeiViewController.swift; sourceTree = "<group>"; };
		682530432B1098C20024EC76 /* LQAllMailWeiView.swift */ = {isa = PBXFileReference; lastKnownFileType = sourcecode.swift; path = LQAllMailWeiView.swift; sourceTree = "<group>"; };
		682530452B109C3D0024EC76 /* micWave.webp */ = {isa = PBXFileReference; lastKnownFileType = file; path = micWave.webp; sourceTree = "<group>"; };
		682530472B10AE6B0024EC76 /* LQMaiWeiViewModel.swift */ = {isa = PBXFileReference; lastKnownFileType = sourcecode.swift; path = LQMaiWeiViewModel.swift; sourceTree = "<group>"; };
		6825306A2B11E59B0024EC76 /* LQMaiWeiViewModel+ReceiveMessage.swift */ = {isa = PBXFileReference; lastKnownFileType = sourcecode.swift; path = "LQMaiWeiViewModel+ReceiveMessage.swift"; sourceTree = "<group>"; };
		6847E0722B203D9300FD3D79 /* LQPersonOpenTimeView.swift */ = {isa = PBXFileReference; fileEncoding = 4; lastKnownFileType = sourcecode.swift; path = LQPersonOpenTimeView.swift; sourceTree = "<group>"; };
		6847E0752B2049F000FD3D79 /* LQPKMaiWeiView.swift */ = {isa = PBXFileReference; lastKnownFileType = sourcecode.swift; path = LQPKMaiWeiView.swift; sourceTree = "<group>"; };
		6847E0772B20512C00FD3D79 /* LQPKSortUserView.swift */ = {isa = PBXFileReference; lastKnownFileType = sourcecode.swift; path = LQPKSortUserView.swift; sourceTree = "<group>"; };
		6847E0792B20727500FD3D79 /* LQPKRankView.swift */ = {isa = PBXFileReference; lastKnownFileType = sourcecode.swift; path = LQPKRankView.swift; sourceTree = "<group>"; };
		6847E07B2B20763400FD3D79 /* LQPKRedBlueRateView.swift */ = {isa = PBXFileReference; lastKnownFileType = sourcecode.swift; path = LQPKRedBlueRateView.swift; sourceTree = "<group>"; };
		6847E07D2B21662700FD3D79 /* LQPKTimerView.swift */ = {isa = PBXFileReference; lastKnownFileType = sourcecode.swift; path = LQPKTimerView.swift; sourceTree = "<group>"; };
		6847E07F2B21743400FD3D79 /* LQPKMaiWeiCell.swift */ = {isa = PBXFileReference; lastKnownFileType = sourcecode.swift; path = LQPKMaiWeiCell.swift; sourceTree = "<group>"; };
		6847E0812B218F0300FD3D79 /* LQPKMaiWeiViewController.swift */ = {isa = PBXFileReference; lastKnownFileType = sourcecode.swift; path = LQPKMaiWeiViewController.swift; sourceTree = "<group>"; };
		68E67DE52B246248001CED99 /* pkReadyGo.gif */ = {isa = PBXFileReference; lastKnownFileType = image.gif; path = pkReadyGo.gif; sourceTree = "<group>"; };
		68E67DE72B246329001CED99 /* PKReadyGifView.swift */ = {isa = PBXFileReference; lastKnownFileType = sourcecode.swift; path = PKReadyGifView.swift; sourceTree = "<group>"; };
		68ED52C92B0760D60099F469 /* YXBShelfProject.app */ = {isa = PBXFileReference; explicitFileType = wrapper.application; includeInIndex = 0; path = YXBShelfProject.app; sourceTree = BUILT_PRODUCTS_DIR; };
		68ED52D02B0760D80099F469 /* Assets.xcassets */ = {isa = PBXFileReference; lastKnownFileType = folder.assetcatalog; path = Assets.xcassets; sourceTree = "<group>"; };
		68ED52D32B0760D80099F469 /* Preview Assets.xcassets */ = {isa = PBXFileReference; lastKnownFileType = folder.assetcatalog; path = "Preview Assets.xcassets"; sourceTree = "<group>"; };
		68ED52DA2B0761520099F469 /* AppDelegate.swift */ = {isa = PBXFileReference; lastKnownFileType = sourcecode.swift; path = AppDelegate.swift; sourceTree = "<group>"; };
		68ED52FE2B0765A30099F469 /* Info.plist */ = {isa = PBXFileReference; lastKnownFileType = text.plist.xml; path = Info.plist; sourceTree = "<group>"; };
		68ED530D2B07712A0099F469 /* YXBCountDownButton.swift */ = {isa = PBXFileReference; fileEncoding = 4; lastKnownFileType = sourcecode.swift; path = YXBCountDownButton.swift; sourceTree = "<group>"; };
		68ED530F2B0771300099F469 /* YXBButton.swift */ = {isa = PBXFileReference; fileEncoding = 4; lastKnownFileType = sourcecode.swift; path = YXBButton.swift; sourceTree = "<group>"; };
		68ED53102B0771300099F469 /* TwoLineLabel.swift */ = {isa = PBXFileReference; fileEncoding = 4; lastKnownFileType = sourcecode.swift; path = TwoLineLabel.swift; sourceTree = "<group>"; };
		68ED53112B0771300099F469 /* TwoLineButton.swift */ = {isa = PBXFileReference; fileEncoding = 4; lastKnownFileType = sourcecode.swift; path = TwoLineButton.swift; sourceTree = "<group>"; };
		68ED53182B07718F0099F469 /* MyUIFactory.swift */ = {isa = PBXFileReference; fileEncoding = 4; lastKnownFileType = sourcecode.swift; path = MyUIFactory.swift; sourceTree = "<group>"; };
		68ED531A2B07719A0099F469 /* GCDTimerManager.swift */ = {isa = PBXFileReference; fileEncoding = 4; lastKnownFileType = sourcecode.swift; path = GCDTimerManager.swift; sourceTree = "<group>"; };
		68ED531C2B0771F80099F469 /* UIColor+Const.swift */ = {isa = PBXFileReference; fileEncoding = 4; lastKnownFileType = sourcecode.swift; path = "UIColor+Const.swift"; sourceTree = "<group>"; };
		68ED531D2B0771F80099F469 /* Screen+Const.swift */ = {isa = PBXFileReference; fileEncoding = 4; lastKnownFileType = sourcecode.swift; path = "Screen+Const.swift"; sourceTree = "<group>"; };
		68ED531E2B0771F80099F469 /* UIFont+Const.swift */ = {isa = PBXFileReference; fileEncoding = 4; lastKnownFileType = sourcecode.swift; path = "UIFont+Const.swift"; sourceTree = "<group>"; };
		68ED53222B0772130099F469 /* UIView+Gradient.swift */ = {isa = PBXFileReference; fileEncoding = 4; lastKnownFileType = sourcecode.swift; path = "UIView+Gradient.swift"; sourceTree = "<group>"; };
		68ED53232B0772130099F469 /* UIView+YXB.swift */ = {isa = PBXFileReference; fileEncoding = 4; lastKnownFileType = sourcecode.swift; path = "UIView+YXB.swift"; sourceTree = "<group>"; };
		68ED53242B0772130099F469 /* UIView+YYAdd.swift */ = {isa = PBXFileReference; fileEncoding = 4; lastKnownFileType = sourcecode.swift; path = "UIView+YYAdd.swift"; sourceTree = "<group>"; };
		68ED53252B0772130099F469 /* UIFont+PingFang.swift */ = {isa = PBXFileReference; fileEncoding = 4; lastKnownFileType = sourcecode.swift; path = "UIFont+PingFang.swift"; sourceTree = "<group>"; };
		68ED53262B0772130099F469 /* UIButton+YXB.swift */ = {isa = PBXFileReference; fileEncoding = 4; lastKnownFileType = sourcecode.swift; path = "UIButton+YXB.swift"; sourceTree = "<group>"; };
		68ED53272B0772130099F469 /* NSObject+ClassName.swift */ = {isa = PBXFileReference; fileEncoding = 4; lastKnownFileType = sourcecode.swift; path = "NSObject+ClassName.swift"; sourceTree = "<group>"; };
		68ED532E2B08873E0099F469 /* NetworkBasicResponse.swift */ = {isa = PBXFileReference; fileEncoding = 4; lastKnownFileType = sourcecode.swift; path = NetworkBasicResponse.swift; sourceTree = "<group>"; };
		68ED53302B0887740099F469 /* NetworkError.swift */ = {isa = PBXFileReference; fileEncoding = 4; lastKnownFileType = sourcecode.swift; path = NetworkError.swift; sourceTree = "<group>"; };
		68ED53312B0887740099F469 /* NetworkCode.swift */ = {isa = PBXFileReference; fileEncoding = 4; lastKnownFileType = sourcecode.swift; path = NetworkCode.swift; sourceTree = "<group>"; };
		68ED53322B0887740099F469 /* NetworkManager.swift */ = {isa = PBXFileReference; fileEncoding = 4; lastKnownFileType = sourcecode.swift; path = NetworkManager.swift; sourceTree = "<group>"; };
		68ED53332B0887740099F469 /* Env.swift */ = {isa = PBXFileReference; fileEncoding = 4; lastKnownFileType = sourcecode.swift; path = Env.swift; sourceTree = "<group>"; };
		68ED53392B0887870099F469 /* APIParameters.swift */ = {isa = PBXFileReference; fileEncoding = 4; lastKnownFileType = sourcecode.swift; path = APIParameters.swift; sourceTree = "<group>"; };
		68ED533A2B0887870099F469 /* APIRouter.swift */ = {isa = PBXFileReference; fileEncoding = 4; lastKnownFileType = sourcecode.swift; path = APIRouter.swift; sourceTree = "<group>"; };
		68ED533B2B0887870099F469 /* APIServer.swift */ = {isa = PBXFileReference; fileEncoding = 4; lastKnownFileType = sourcecode.swift; path = APIServer.swift; sourceTree = "<group>"; };
		68ED533D2B0887870099F469 /* LogCustomPlugin.swift */ = {isa = PBXFileReference; fileEncoding = 4; lastKnownFileType = sourcecode.swift; path = LogCustomPlugin.swift; sourceTree = "<group>"; };
		68ED533E2B0887870099F469 /* ToastPlugin.swift */ = {isa = PBXFileReference; fileEncoding = 4; lastKnownFileType = sourcecode.swift; path = ToastPlugin.swift; sourceTree = "<group>"; };
		68ED533F2B0887870099F469 /* CachePlugin.swift */ = {isa = PBXFileReference; fileEncoding = 4; lastKnownFileType = sourcecode.swift; path = CachePlugin.swift; sourceTree = "<group>"; };
		68ED53402B0887870099F469 /* RSAPlugin.swift */ = {isa = PBXFileReference; fileEncoding = 4; lastKnownFileType = sourcecode.swift; path = RSAPlugin.swift; sourceTree = "<group>"; };
		68ED53412B0887870099F469 /* LogPlugin.swift */ = {isa = PBXFileReference; fileEncoding = 4; lastKnownFileType = sourcecode.swift; path = LogPlugin.swift; sourceTree = "<group>"; };
		68ED53422B0887870099F469 /* NetowrkPluginManager.swift */ = {isa = PBXFileReference; fileEncoding = 4; lastKnownFileType = sourcecode.swift; path = NetowrkPluginManager.swift; sourceTree = "<group>"; };
		68ED53432B0887870099F469 /* AuthPlugin.swift */ = {isa = PBXFileReference; fileEncoding = 4; lastKnownFileType = sourcecode.swift; path = AuthPlugin.swift; sourceTree = "<group>"; };
		68ED53442B0887870099F469 /* ProgressPlugin.swift */ = {isa = PBXFileReference; fileEncoding = 4; lastKnownFileType = sourcecode.swift; path = ProgressPlugin.swift; sourceTree = "<group>"; };
		68ED53462B0887870099F469 /* MyMoyaExmple.swift */ = {isa = PBXFileReference; fileEncoding = 4; lastKnownFileType = sourcecode.swift; path = MyMoyaExmple.swift; sourceTree = "<group>"; };
		68ED53532B0887C60099F469 /* YXBBaseViewController.swift */ = {isa = PBXFileReference; lastKnownFileType = sourcecode.swift; path = YXBBaseViewController.swift; sourceTree = "<group>"; };
		68ED53552B08882D0099F469 /* YXBImageCache.swift */ = {isa = PBXFileReference; lastKnownFileType = sourcecode.swift; path = YXBImageCache.swift; sourceTree = "<group>"; };
		68ED53572B0888860099F469 /* User+Const.swift */ = {isa = PBXFileReference; fileEncoding = 4; lastKnownFileType = sourcecode.swift; path = "User+Const.swift"; sourceTree = "<group>"; };
		68ED53592B088DA00099F469 /* AppDelegate+DBDebugTool.swift */ = {isa = PBXFileReference; lastKnownFileType = sourcecode.swift; path = "AppDelegate+DBDebugTool.swift"; sourceTree = "<group>"; };
		68ED535D2B08C1B80099F469 /* IPNRSAUtil.swift */ = {isa = PBXFileReference; lastKnownFileType = sourcecode.swift; path = IPNRSAUtil.swift; sourceTree = "<group>"; };
		6BDE22C351AFDE9FE70F1451 /* Pods-YXBShelfProject.release.xcconfig */ = {isa = PBXFileReference; includeInIndex = 1; lastKnownFileType = text.xcconfig; name = "Pods-YXBShelfProject.release.xcconfig"; path = "Target Support Files/Pods-YXBShelfProject/Pods-YXBShelfProject.release.xcconfig"; sourceTree = "<group>"; };
		DEFD9847B1C5B3D5D2748B2E /* libPods-YXBShelfProject.a */ = {isa = PBXFileReference; explicitFileType = archive.ar; includeInIndex = 0; path = "libPods-YXBShelfProject.a"; sourceTree = BUILT_PRODUCTS_DIR; };
/* End PBXFileReference section */

/* Begin PBXFrameworksBuildPhase section */
		68ED52C62B0760D60099F469 /* Frameworks */ = {
			isa = PBXFrameworksBuildPhase;
			buildActionMask = 2147483647;
			files = (
				8EE63CAC2BA993086660B981 /* libPods-YXBShelfProject.a in Frameworks */,
			);
			runOnlyForDeploymentPostprocessing = 0;
		};
/* End PBXFrameworksBuildPhase section */

/* Begin PBXGroup section */
		68252F7B2B0B15200024EC76 /* Third */ = {
			isa = PBXGroup;
			children = (
				68252F7C2B0B15200024EC76 /* readme.txt */,
			);
			path = Third;
			sourceTree = "<group>";
		};
		68252F812B0B2CFB0024EC76 /* Example */ = {
			isa = PBXGroup;
			children = (
				68252F892B0B39210024EC76 /* ExampleViewController.swift */,
				68252F822B0B2D0B0024EC76 /* vap特效 */,
				68252F8B2B0B41F70024EC76 /* 直播间消息TableView */,
				68252FBD2B0B57D80024EC76 /* 装扮中心 */,
				68252FDC2B0B5D4A0024EC76 /* MVVM+Rx+MJ加载gif图 */,
				68252FEA2B0B681D0024EC76 /* 轮播图 */,
				68252FEF2B0C4CF40024EC76 /* 图片预览 */,
				68252FF42B0C50F00024EC76 /* 下载 */,
				682530012B0C5D8B0024EC76 /* 加载GIF菊花 */,
				682530042B0C66780024EC76 /* Mask转场动画 */,
				6825300F2B0CA0A90024EC76 /* 麦位列表 */,
				6847E0742B20471D00FD3D79 /* 房内PK */,
				682530122B0D8A110024EC76 /* 飘屏，队列与动画解耦 */,
			);
			path = Example;
			sourceTree = "<group>";
		};
		68252F822B0B2D0B0024EC76 /* vap特效 */ = {
			isa = PBXGroup;
			children = (
				68252F832B0B2D700024EC76 /* PlayVapView.swift */,
				68252F852B0B305A0024EC76 /* RoomPlayJoinEffectManager.swift */,
				68252F872B0B370E0024EC76 /* RoomPlayViewController.swift */,
			);
			path = "vap特效";
			sourceTree = "<group>";
		};
		68252F8B2B0B41F70024EC76 /* 直播间消息TableView */ = {
			isa = PBXGroup;
			children = (
				68252FA32B0B42260024EC76 /* MessageViewController.swift */,
				68252F9C2B0B42260024EC76 /* RoomMessageTableView.swift */,
				68252F8E2B0B42260024EC76 /* 本来就有的 */,
				68252FA42B0B42270024EC76 /* Protocol */,
				68252F9D2B0B42260024EC76 /* Base */,
				68252F902B0B42260024EC76 /* Cell */,
				68252F8C2B0B42260024EC76 /* Model */,
			);
			path = "直播间消息TableView";
			sourceTree = "<group>";
		};
		68252F8C2B0B42260024EC76 /* Model */ = {
			isa = PBXGroup;
			children = (
				68252F962B0B42260024EC76 /* VipPictureConfig.swift */,
				68252F8D2B0B42260024EC76 /* LQMessageModel.swift */,
			);
			path = Model;
			sourceTree = "<group>";
		};
		68252F8E2B0B42260024EC76 /* 本来就有的 */ = {
			isa = PBXGroup;
			children = (
				68252FBB2B0B43570024EC76 /* HeaderStaticView.swift */,
				68252F8F2B0B42260024EC76 /* HonourTagView.swift */,
			);
			path = "本来就有的";
			sourceTree = "<group>";
		};
		68252F902B0B42260024EC76 /* Cell */ = {
			isa = PBXGroup;
			children = (
				68252F912B0B42260024EC76 /* LQMessageNobbleJoinCell.swift */,
				68252F922B0B42260024EC76 /* LQMessageNormalJoinCell.swift */,
				68252F932B0B42260024EC76 /* LQMeesageRoomAnnouncCell.swift */,
				68252F942B0B42260024EC76 /* LQMeesageShangMaiCell.swift */,
				68252F952B0B42260024EC76 /* LQMessageImageCell.swift */,
				68252F972B0B42260024EC76 /* LQMessageTextCell.swift */,
				68252F982B0B42260024EC76 /* LQMessageGiftCell.swift */,
				68252F992B0B42260024EC76 /* LQMessageAiteCell.swift */,
				68252F9A2B0B42260024EC76 /* LQMessageWelcomeCell.swift */,
				68252F9B2B0B42260024EC76 /* LQMeesageAnnouncCell.swift */,
			);
			path = Cell;
			sourceTree = "<group>";
		};
		68252F9D2B0B42260024EC76 /* Base */ = {
			isa = PBXGroup;
			children = (
				68252F9E2B0B42260024EC76 /* LQMessageBubbleCell.swift */,
				68252F9F2B0B42260024EC76 /* LQOnlyBubbleCell.swift */,
				68252FA02B0B42260024EC76 /* LQMessageCell.swift */,
				68252FA12B0B42260024EC76 /* LQMessageTagsView.swift */,
				68252FA22B0B42260024EC76 /* LQMessageBaseCell.swift */,
			);
			path = Base;
			sourceTree = "<group>";
		};
		68252FA42B0B42270024EC76 /* Protocol */ = {
			isa = PBXGroup;
			children = (
				68252FA52B0B42270024EC76 /* LQMessageCellProtocol.swift */,
			);
			path = Protocol;
			sourceTree = "<group>";
		};
		68252FBD2B0B57D80024EC76 /* 装扮中心 */ = {
			isa = PBXGroup;
			children = (
				68252FC72B0B58770024EC76 /* MSDressSegmentVC.swift */,
				68252FC42B0B58770024EC76 /* Network */,
				68252FC62B0B58770024EC76 /* Controller */,
				68252FC12B0B58770024EC76 /* 预览 */,
				68252FCA2B0B58770024EC76 /* Model */,
				68252FCC2B0B58770024EC76 /* View */,
				68252FBE2B0B58770024EC76 /* ViewModel */,
			);
			path = "装扮中心";
			sourceTree = "<group>";
		};
		68252FBE2B0B58770024EC76 /* ViewModel */ = {
			isa = PBXGroup;
			children = (
				68252FBF2B0B58770024EC76 /* MSDressViewModel.swift */,
				68252FC02B0B58770024EC76 /* MSDressBuyViewModel.swift */,
			);
			path = ViewModel;
			sourceTree = "<group>";
		};
		68252FC12B0B58770024EC76 /* 预览 */ = {
			isa = PBXGroup;
			children = (
				68252FC22B0B58770024EC76 /* MyDressPreviewView+Protocol.swift */,
				68252FC32B0B58770024EC76 /* MSDressPreviewView.swift */,
			);
			path = "预览";
			sourceTree = "<group>";
		};
		68252FC42B0B58770024EC76 /* Network */ = {
			isa = PBXGroup;
			children = (
				68252FC52B0B58770024EC76 /* My+API.swift */,
			);
			path = Network;
			sourceTree = "<group>";
		};
		68252FC62B0B58770024EC76 /* Controller */ = {
			isa = PBXGroup;
			children = (
				68252FC82B0B58770024EC76 /* MSDressCenterVC.swift */,
				68252FC92B0B58770024EC76 /* MSDressBuyVC.swift */,
			);
			path = Controller;
			sourceTree = "<group>";
		};
		68252FCA2B0B58770024EC76 /* Model */ = {
			isa = PBXGroup;
			children = (
				68252FCB2B0B58770024EC76 /* MSDressModel.swift */,
			);
			path = Model;
			sourceTree = "<group>";
		};
		68252FCC2B0B58770024EC76 /* View */ = {
			isa = PBXGroup;
			children = (
				68252FDA2B0B596F0024EC76 /* PlayEffectsView.swift */,
				68252FCD2B0B58770024EC76 /* MSDressBuyCell.swift */,
				68252FCE2B0B58770024EC76 /* MSDressCell.swift */,
			);
			path = View;
			sourceTree = "<group>";
		};
		68252FDC2B0B5D4A0024EC76 /* MVVM+Rx+MJ加载gif图 */ = {
			isa = PBXGroup;
			children = (
				68252FE12B0B5D4A0024EC76 /* IM+API.swift */,
				68252FDD2B0B5D4A0024EC76 /* MVVM+Rx+MJ加载gif图 */,
			);
			path = "MVVM+Rx+MJ加载gif图";
			sourceTree = "<group>";
		};
		68252FDD2B0B5D4A0024EC76 /* MVVM+Rx+MJ加载gif图 */ = {
			isa = PBXGroup;
			children = (
				68252FE02B0B5D4A0024EC76 /* MSSystemNoticeVC.swift */,
				68252FDE2B0B5D4A0024EC76 /* MSSystemNoticeViewModel.swift */,
				68252FDF2B0B5D4A0024EC76 /* MSSystemNoticeModel.swift */,
			);
			path = "MVVM+Rx+MJ加载gif图";
			sourceTree = "<group>";
		};
		68252FEA2B0B681D0024EC76 /* 轮播图 */ = {
			isa = PBXGroup;
			children = (
				68252FEB2B0B683A0024EC76 /* BannerViewController.swift */,
				68252FED2B0B6B7E0024EC76 /* NewRoomCollectionViewCell.swift */,
			);
			path = "轮播图";
			sourceTree = "<group>";
		};
		68252FEF2B0C4CF40024EC76 /* 图片预览 */ = {
			isa = PBXGroup;
			children = (
				68252FF22B0C4D670024EC76 /* BrowswerViewController.swift */,
				68252FF02B0C4D210024EC76 /* YXBPhotoBrowswer.swift */,
			);
			path = "图片预览";
			sourceTree = "<group>";
		};
		68252FF42B0C50F00024EC76 /* 下载 */ = {
			isa = PBXGroup;
			children = (
				68252FF52B0C51010024EC76 /* DownloadViewController.swift */,
			);
			path = "下载";
			sourceTree = "<group>";
		};
		682530012B0C5D8B0024EC76 /* 加载GIF菊花 */ = {
			isa = PBXGroup;
			children = (
				682530022B0C5DA30024EC76 /* LoadingGiftViewController.swift */,
			);
			path = "加载GIF菊花";
			sourceTree = "<group>";
		};
		682530042B0C66780024EC76 /* Mask转场动画 */ = {
			isa = PBXGroup;
			children = (
				682530072B0C6D830024EC76 /* MaskViewController.swift */,
				6825300B2B0C7B560024EC76 /* ExampleViewController+Mask.swift */,
				6825300D2B0C7D550024EC76 /* LJKAudioTouchViewManager.swift */,
				682530052B0C668E0024EC76 /* LJKAudioCallAssistiveTouchView.swift */,
				682530092B0C77F00024EC76 /* LQCircleMaskAnimation.swift */,
			);
			path = "Mask转场动画";
			sourceTree = "<group>";
		};
		6825300F2B0CA0A90024EC76 /* 麦位列表 */ = {
			isa = PBXGroup;
			children = (
				682530412B108E780024EC76 /* LQMaiWeiViewController.swift */,
				682530432B1098C20024EC76 /* LQAllMailWeiView.swift */,
				682066032B16E28700211D98 /* LQMaiWeiProtocol.swift */,
				6848DC682B15CC87003BE89D /* ViewModel */,
				6848DC692B15CC94003BE89D /* Model */,
				6848DC6A2B15CC9D003BE89D /* View */,
				682530492B10BA540024EC76 /* 本来就有的 */,
			);
			path = "麦位列表";
			sourceTree = "<group>";
		};
		682530122B0D8A110024EC76 /* 飘屏，队列与动画解耦 */ = {
			isa = PBXGroup;
			children = (
				682530152B0DA7EB0024EC76 /* PiaoPingViewController.swift */,
				6825301B2B0DAA850024EC76 /* LQAnimationProtocol.swift */,
				682530132B0D8A3F0024EC76 /* LQAnimationQueue.swift */,
				682530192B0DAA610024EC76 /* LQAnimationModel.swift */,
				682530172B0DA8690024EC76 /* FloatingScreenView.swift */,
				6825302F2B0F31AC0024EC76 /* FSNobbleView.swift */,
				682530312B0F3B930024EC76 /* FSBigGiftView.swift */,
			);
			path = "飘屏，队列与动画解耦";
			sourceTree = "<group>";
		};
		682530492B10BA540024EC76 /* 本来就有的 */ = {
			isa = PBXGroup;
			children = (
				6847E0722B203D9300FD3D79 /* LQPersonOpenTimeView.swift */,
				681CE6C32B26D1F60037EA53 /* LQRoomMaiWeiEmotionView.swift */,
			);
			path = "本来就有的";
			sourceTree = "<group>";
		};
		6847E0742B20471D00FD3D79 /* 房内PK */ = {
			isa = PBXGroup;
			children = (
				6847E0812B218F0300FD3D79 /* LQPKMaiWeiViewController.swift */,
				6847E0752B2049F000FD3D79 /* LQPKMaiWeiView.swift */,
				6847E0832B219CD000FD3D79 /* View */,
			);
			path = "房内PK";
			sourceTree = "<group>";
		};
		6847E0832B219CD000FD3D79 /* View */ = {
			isa = PBXGroup;
			children = (
				6847E07F2B21743400FD3D79 /* LQPKMaiWeiCell.swift */,
				6847E07D2B21662700FD3D79 /* LQPKTimerView.swift */,
				6847E07B2B20763400FD3D79 /* LQPKRedBlueRateView.swift */,
				6847E0792B20727500FD3D79 /* LQPKRankView.swift */,
				6847E0772B20512C00FD3D79 /* LQPKSortUserView.swift */,
			);
			path = View;
			sourceTree = "<group>";
		};
		6848DC682B15CC87003BE89D /* ViewModel */ = {
			isa = PBXGroup;
			children = (
				682530472B10AE6B0024EC76 /* LQMaiWeiViewModel.swift */,
				6825306A2B11E59B0024EC76 /* LQMaiWeiViewModel+ReceiveMessage.swift */,
			);
			path = ViewModel;
			sourceTree = "<group>";
		};
		6848DC692B15CC94003BE89D /* Model */ = {
			isa = PBXGroup;
			children = (
				682530102B0CA5750024EC76 /* LQMaiWeiModel.swift */,
			);
			path = Model;
			sourceTree = "<group>";
		};
		6848DC6A2B15CC9D003BE89D /* View */ = {
			isa = PBXGroup;
			children = (
				6825303F2B1088D20024EC76 /* LQMaiWeiCell.swift */,
				6825303D2B1049320024EC76 /* LQMaiWeiView.swift */,
				682530372B1032D80024EC76 /* LQMicrophoneUserView.swift */,
				6825303B2B1044A10024EC76 /* LQYinLiangView.swift */,
			);
			path = View;
			sourceTree = "<group>";
		};
		68ED52C02B0760D60099F469 = {
			isa = PBXGroup;
			children = (
				68ED52CB2B0760D60099F469 /* YXBShelfProject */,
				68ED52CA2B0760D60099F469 /* Products */,
				B435B6586BA752350B2D0239 /* Pods */,
				B3DBF970E717B82DEF610987 /* Frameworks */,
			);
			sourceTree = "<group>";
		};
		68ED52CA2B0760D60099F469 /* Products */ = {
			isa = PBXGroup;
			children = (
				68ED52C92B0760D60099F469 /* YXBShelfProject.app */,
			);
			name = Products;
			sourceTree = "<group>";
		};
		68ED52CB2B0760D60099F469 /* YXBShelfProject */ = {
			isa = PBXGroup;
			children = (
				68ED52FF2B07668E0099F469 /* AppDelegate */,
				68ED53012B07682D0099F469 /* Lanch */,
				68ED53022B0768440099F469 /* Base */,
				68ED53042B07685A0099F469 /* Extension */,
				68ED53082B0769960099F469 /* Const */,
				68ED53032B07684E0099F469 /* UI */,
				68ED53092B0770CD0099F469 /* Tool */,
				68ED53062B07687C0099F469 /* Model */,
				68ED53052B0768750099F469 /* Network */,
				68252F7B2B0B15200024EC76 /* Third */,
				68ED53002B0766B50099F469 /* Assets */,
				68ED52D22B0760D80099F469 /* Preview Content */,
				68252F812B0B2CFB0024EC76 /* Example */,
			);
			path = YXBShelfProject;
			sourceTree = "<group>";
		};
		68ED52D22B0760D80099F469 /* Preview Content */ = {
			isa = PBXGroup;
			children = (
				68ED52D32B0760D80099F469 /* Preview Assets.xcassets */,
			);
			path = "Preview Content";
			sourceTree = "<group>";
		};
		68ED52FF2B07668E0099F469 /* AppDelegate */ = {
			isa = PBXGroup;
			children = (
				68ED52DA2B0761520099F469 /* AppDelegate.swift */,
				68ED53592B088DA00099F469 /* AppDelegate+DBDebugTool.swift */,
				682530392B1040BE0024EC76 /* AppDelegate+SDWebImage.swift */,
			);
			path = AppDelegate;
			sourceTree = "<group>";
		};
		68ED53002B0766B50099F469 /* Assets */ = {
			isa = PBXGroup;
			children = (
				68E67DE52B246248001CED99 /* pkReadyGo.gif */,
				682530452B109C3D0024EC76 /* micWave.webp */,
				68252FE82B0B5F5A0024EC76 /* refeshIcon.gif */,
				68ED52D02B0760D80099F469 /* Assets.xcassets */,
			);
			path = Assets;
			sourceTree = "<group>";
		};
		68ED53012B07682D0099F469 /* Lanch */ = {
			isa = PBXGroup;
			children = (
				68ED52FE2B0765A30099F469 /* Info.plist */,
			);
			path = Lanch;
			sourceTree = "<group>";
		};
		68ED53022B0768440099F469 /* Base */ = {
			isa = PBXGroup;
			children = (
				68ED53532B0887C60099F469 /* YXBBaseViewController.swift */,
			);
			path = Base;
			sourceTree = "<group>";
		};
		68ED53032B07684E0099F469 /* UI */ = {
			isa = PBXGroup;
			children = (
				68ED53182B07718F0099F469 /* MyUIFactory.swift */,
				68ED530C2B0771180099F469 /* PublicView */,
				68ED530A2B0770DB0099F469 /* CustomView */,
			);
			path = UI;
			sourceTree = "<group>";
		};
		68ED53042B07685A0099F469 /* Extension */ = {
			isa = PBXGroup;
			children = (
				68ED53272B0772130099F469 /* NSObject+ClassName.swift */,
				68ED53262B0772130099F469 /* UIButton+YXB.swift */,
				68ED53252B0772130099F469 /* UIFont+PingFang.swift */,
				68ED53222B0772130099F469 /* UIView+Gradient.swift */,
				68ED53232B0772130099F469 /* UIView+YXB.swift */,
				68ED53242B0772130099F469 /* UIView+YYAdd.swift */,
				68252FF72B0C55F50024EC76 /* String+YXB.swift */,
				68252FF92B0C561E0024EC76 /* Date+YXB.swift */,
				68252FFB2B0C56950024EC76 /* FileManager+YXB.swift */,
			);
			path = Extension;
			sourceTree = "<group>";
		};
		68ED53052B0768750099F469 /* Network */ = {
			isa = PBXGroup;
			children = (
				68ED53332B0887740099F469 /* Env.swift */,
				68ED53322B0887740099F469 /* NetworkManager.swift */,
				68ED53302B0887740099F469 /* NetworkError.swift */,
				68ED53312B0887740099F469 /* NetworkCode.swift */,
				68ED53452B0887870099F469 /* Example */,
				68ED53382B0887870099F469 /* Router */,
				68ED533C2B0887870099F469 /* Plugins */,
			);
			path = Network;
			sourceTree = "<group>";
		};
		68ED53062B07687C0099F469 /* Model */ = {
			isa = PBXGroup;
			children = (
				68ED532E2B08873E0099F469 /* NetworkBasicResponse.swift */,
			);
			path = Model;
			sourceTree = "<group>";
		};
		68ED53082B0769960099F469 /* Const */ = {
			isa = PBXGroup;
			children = (
				68ED531D2B0771F80099F469 /* Screen+Const.swift */,
				68ED531C2B0771F80099F469 /* UIColor+Const.swift */,
				68ED531E2B0771F80099F469 /* UIFont+Const.swift */,
				68ED53572B0888860099F469 /* User+Const.swift */,
			);
			path = Const;
			sourceTree = "<group>";
		};
		68ED53092B0770CD0099F469 /* Tool */ = {
			isa = PBXGroup;
			children = (
				68ED531A2B07719A0099F469 /* GCDTimerManager.swift */,
				68ED53552B08882D0099F469 /* YXBImageCache.swift */,
				68ED535D2B08C1B80099F469 /* IPNRSAUtil.swift */,
				68252FFD2B0C57EB0024EC76 /* PermissionManager.swift */,
			);
			path = Tool;
			sourceTree = "<group>";
		};
		68ED530A2B0770DB0099F469 /* CustomView */ = {
			isa = PBXGroup;
			children = (
				68252FE62B0B5E470024EC76 /* YXBGifRefreshHeader.swift */,
				68ED530D2B07712A0099F469 /* YXBCountDownButton.swift */,
				68252FFF2B0C5CD60024EC76 /* LoadingGifView.swift */,
				68E67DE72B246329001CED99 /* PKReadyGifView.swift */,
			);
			path = CustomView;
			sourceTree = "<group>";
		};
		68ED530C2B0771180099F469 /* PublicView */ = {
			isa = PBXGroup;
			children = (
				68ED53112B0771300099F469 /* TwoLineButton.swift */,
				68ED53102B0771300099F469 /* TwoLineLabel.swift */,
				68ED530F2B0771300099F469 /* YXBButton.swift */,
			);
			path = PublicView;
			sourceTree = "<group>";
		};
		68ED53382B0887870099F469 /* Router */ = {
			isa = PBXGroup;
			children = (
				68ED53392B0887870099F469 /* APIParameters.swift */,
				68ED533A2B0887870099F469 /* APIRouter.swift */,
				68ED533B2B0887870099F469 /* APIServer.swift */,
			);
			path = Router;
			sourceTree = "<group>";
		};
		68ED533C2B0887870099F469 /* Plugins */ = {
			isa = PBXGroup;
			children = (
				68ED53422B0887870099F469 /* NetowrkPluginManager.swift */,
				68ED533D2B0887870099F469 /* LogCustomPlugin.swift */,
				68ED53412B0887870099F469 /* LogPlugin.swift */,
				68ED53432B0887870099F469 /* AuthPlugin.swift */,
				68ED53442B0887870099F469 /* ProgressPlugin.swift */,
				68ED533E2B0887870099F469 /* ToastPlugin.swift */,
				68ED53402B0887870099F469 /* RSAPlugin.swift */,
				68ED533F2B0887870099F469 /* CachePlugin.swift */,
			);
			path = Plugins;
			sourceTree = "<group>";
		};
		68ED53452B0887870099F469 /* Example */ = {
			isa = PBXGroup;
			children = (
				68ED53462B0887870099F469 /* MyMoyaExmple.swift */,
			);
			path = Example;
			sourceTree = "<group>";
		};
		B3DBF970E717B82DEF610987 /* Frameworks */ = {
			isa = PBXGroup;
			children = (
				DEFD9847B1C5B3D5D2748B2E /* libPods-YXBShelfProject.a */,
			);
			name = Frameworks;
			sourceTree = "<group>";
		};
		B435B6586BA752350B2D0239 /* Pods */ = {
			isa = PBXGroup;
			children = (
				33E84C5C1F29AE3702F08AC2 /* Pods-YXBShelfProject.debug.xcconfig */,
				6BDE22C351AFDE9FE70F1451 /* Pods-YXBShelfProject.release.xcconfig */,
				41AF1471FBF82B1FA0C960B3 /* Pods-YXBShelfProject.staging.xcconfig */,
			);
			path = Pods;
			sourceTree = "<group>";
		};
/* End PBXGroup section */

/* Begin PBXNativeTarget section */
		68ED52C82B0760D60099F469 /* YXBShelfProject */ = {
			isa = PBXNativeTarget;
			buildConfigurationList = 68ED52D72B0760D80099F469 /* Build configuration list for PBXNativeTarget "YXBShelfProject" */;
			buildPhases = (
				06D9C6E4AE7358FCBD57F839 /* [CP] Check Pods Manifest.lock */,
				68ED52C52B0760D60099F469 /* Sources */,
				68ED52C62B0760D60099F469 /* Frameworks */,
				68ED52C72B0760D60099F469 /* Resources */,
				F220B7F7870D4C65953742B7 /* [CP] Copy Pods Resources */,
			);
			buildRules = (
			);
			dependencies = (
			);
			name = YXBShelfProject;
			productName = YXBShelfProject;
			productReference = 68ED52C92B0760D60099F469 /* YXBShelfProject.app */;
			productType = "com.apple.product-type.application";
		};
/* End PBXNativeTarget section */

/* Begin PBXProject section */
		68ED52C12B0760D60099F469 /* Project object */ = {
			isa = PBXProject;
			attributes = {
				BuildIndependentTargetsInParallel = 1;
				LastSwiftUpdateCheck = 1500;
				LastUpgradeCheck = 1500;
				TargetAttributes = {
					68ED52C82B0760D60099F469 = {
						CreatedOnToolsVersion = 15.0.1;
						LastSwiftMigration = 1500;
					};
				};
			};
			buildConfigurationList = 68ED52C42B0760D60099F469 /* Build configuration list for PBXProject "YXBShelfProject" */;
			compatibilityVersion = "Xcode 14.0";
			developmentRegion = en;
			hasScannedForEncodings = 0;
			knownRegions = (
				en,
				Base,
			);
			mainGroup = 68ED52C02B0760D60099F469;
			productRefGroup = 68ED52CA2B0760D60099F469 /* Products */;
			projectDirPath = "";
			projectRoot = "";
			targets = (
				68ED52C82B0760D60099F469 /* YXBShelfProject */,
			);
		};
/* End PBXProject section */

/* Begin PBXResourcesBuildPhase section */
		68ED52C72B0760D60099F469 /* Resources */ = {
			isa = PBXResourcesBuildPhase;
			buildActionMask = 2147483647;
			files = (
				68252FE92B0B5F5A0024EC76 /* refeshIcon.gif in Resources */,
				68E67DE62B246248001CED99 /* pkReadyGo.gif in Resources */,
				68252F7D2B0B15200024EC76 /* readme.txt in Resources */,
				68ED52D42B0760D80099F469 /* Preview Assets.xcassets in Resources */,
				682530462B109C3D0024EC76 /* micWave.webp in Resources */,
				68ED52D12B0760D80099F469 /* Assets.xcassets in Resources */,
			);
			runOnlyForDeploymentPostprocessing = 0;
		};
/* End PBXResourcesBuildPhase section */

/* Begin PBXShellScriptBuildPhase section */
		06D9C6E4AE7358FCBD57F839 /* [CP] Check Pods Manifest.lock */ = {
			isa = PBXShellScriptBuildPhase;
			buildActionMask = 2147483647;
			files = (
			);
			inputFileListPaths = (
			);
			inputPaths = (
				"${PODS_PODFILE_DIR_PATH}/Podfile.lock",
				"${PODS_ROOT}/Manifest.lock",
			);
			name = "[CP] Check Pods Manifest.lock";
			outputFileListPaths = (
			);
			outputPaths = (
				"$(DERIVED_FILE_DIR)/Pods-YXBShelfProject-checkManifestLockResult.txt",
			);
			runOnlyForDeploymentPostprocessing = 0;
			shellPath = /bin/sh;
			shellScript = "diff \"${PODS_PODFILE_DIR_PATH}/Podfile.lock\" \"${PODS_ROOT}/Manifest.lock\" > /dev/null\nif [ $? != 0 ] ; then\n    # print error to STDERR\n    echo \"error: The sandbox is not in sync with the Podfile.lock. Run 'pod install' or update your CocoaPods installation.\" >&2\n    exit 1\nfi\n# This output is used by Xcode 'outputs' to avoid re-running this script phase.\necho \"SUCCESS\" > \"${SCRIPT_OUTPUT_FILE_0}\"\n";
			showEnvVarsInLog = 0;
		};
		F220B7F7870D4C65953742B7 /* [CP] Copy Pods Resources */ = {
			isa = PBXShellScriptBuildPhase;
			buildActionMask = 2147483647;
			files = (
			);
			inputFileListPaths = (
				"${PODS_ROOT}/Target Support Files/Pods-YXBShelfProject/Pods-YXBShelfProject-resources-${CONFIGURATION}-input-files.xcfilelist",
			);
			name = "[CP] Copy Pods Resources";
			outputFileListPaths = (
				"${PODS_ROOT}/Target Support Files/Pods-YXBShelfProject/Pods-YXBShelfProject-resources-${CONFIGURATION}-output-files.xcfilelist",
			);
			runOnlyForDeploymentPostprocessing = 0;
			shellPath = /bin/sh;
			shellScript = "\"${PODS_ROOT}/Target Support Files/Pods-YXBShelfProject/Pods-YXBShelfProject-resources.sh\"\n";
			showEnvVarsInLog = 0;
		};
/* End PBXShellScriptBuildPhase section */

/* Begin PBXSourcesBuildPhase section */
		68ED52C52B0760D60099F469 /* Sources */ = {
			isa = PBXSourcesBuildPhase;
			buildActionMask = 2147483647;
			files = (
				68ED53292B0772130099F469 /* UIView+YXB.swift in Sources */,
				68ED53482B0887870099F469 /* APIRouter.swift in Sources */,
				6847E0782B20512C00FD3D79 /* LQPKSortUserView.swift in Sources */,
				68252FE52B0B5D4A0024EC76 /* IM+API.swift in Sources */,
				68252FB32B0B42270024EC76 /* RoomMessageTableView.swift in Sources */,
				68252FAB2B0B42270024EC76 /* LQMeesageShangMaiCell.swift in Sources */,
				6847E07E2B21662700FD3D79 /* LQPKTimerView.swift in Sources */,
				68ED53192B07718F0099F469 /* MyUIFactory.swift in Sources */,
				6847E07C2B20763400FD3D79 /* LQPKRedBlueRateView.swift in Sources */,
				68252FD92B0B58770024EC76 /* MSDressCell.swift in Sources */,
				6825301A2B0DAA610024EC76 /* LQAnimationModel.swift in Sources */,
				68252F842B0B2D700024EC76 /* PlayVapView.swift in Sources */,
				68ED53142B0771300099F469 /* TwoLineButton.swift in Sources */,
				68ED53582B0888860099F469 /* User+Const.swift in Sources */,
				682530082B0C6D830024EC76 /* MaskViewController.swift in Sources */,
				68ED53542B0887C60099F469 /* YXBBaseViewController.swift in Sources */,
				68252FB22B0B42270024EC76 /* LQMeesageAnnouncCell.swift in Sources */,
				682530062B0C668E0024EC76 /* LJKAudioCallAssistiveTouchView.swift in Sources */,
				68252FAD2B0B42270024EC76 /* VipPictureConfig.swift in Sources */,
				68252FB02B0B42270024EC76 /* LQMessageAiteCell.swift in Sources */,
				68ED534D2B0887870099F469 /* RSAPlugin.swift in Sources */,
				682066042B16E28700211D98 /* LQMaiWeiProtocol.swift in Sources */,
				68ED53362B0887740099F469 /* NetworkManager.swift in Sources */,
				682530302B0F31AC0024EC76 /* FSNobbleView.swift in Sources */,
				68ED53512B0887870099F469 /* ProgressPlugin.swift in Sources */,
				68252FD02B0B58770024EC76 /* MSDressBuyViewModel.swift in Sources */,
				681CE6C42B26D1F60037EA53 /* LQRoomMaiWeiEmotionView.swift in Sources */,
				68ED53522B0887870099F469 /* MyMoyaExmple.swift in Sources */,
				68252FD52B0B58770024EC76 /* MSDressCenterVC.swift in Sources */,
				6825303E2B1049320024EC76 /* LQMaiWeiView.swift in Sources */,
				68252FEE2B0B6B7F0024EC76 /* NewRoomCollectionViewCell.swift in Sources */,
				68252F8A2B0B39210024EC76 /* ExampleViewController.swift in Sources */,
				68252FAC2B0B42270024EC76 /* LQMessageImageCell.swift in Sources */,
				68252FD82B0B58770024EC76 /* MSDressBuyCell.swift in Sources */,
				68252FFC2B0C56950024EC76 /* FileManager+YXB.swift in Sources */,
				68252FE42B0B5D4A0024EC76 /* MSSystemNoticeVC.swift in Sources */,
				68252FD12B0B58770024EC76 /* MyDressPreviewView+Protocol.swift in Sources */,
				6847E0802B21743400FD3D79 /* LQPKMaiWeiCell.swift in Sources */,
				68ED52DB2B0761520099F469 /* AppDelegate.swift in Sources */,
				68252F882B0B370E0024EC76 /* RoomPlayViewController.swift in Sources */,
				68ED53212B0771F90099F469 /* UIFont+Const.swift in Sources */,
				68ED534F2B0887870099F469 /* NetowrkPluginManager.swift in Sources */,
				68ED53122B0771300099F469 /* YXBButton.swift in Sources */,
				68ED535E2B08C1B80099F469 /* IPNRSAUtil.swift in Sources */,
				68ED532D2B0772130099F469 /* NSObject+ClassName.swift in Sources */,
				68ED53282B0772130099F469 /* UIView+Gradient.swift in Sources */,
				68252FF62B0C51010024EC76 /* DownloadViewController.swift in Sources */,
				68252FB62B0B42270024EC76 /* LQMessageCell.swift in Sources */,
				68252FF32B0C4D670024EC76 /* BrowswerViewController.swift in Sources */,
				68ED53342B0887740099F469 /* NetworkError.swift in Sources */,
				6825301C2B0DAA850024EC76 /* LQAnimationProtocol.swift in Sources */,
				6825300E2B0C7D550024EC76 /* LJKAudioTouchViewManager.swift in Sources */,
				682530112B0CA5750024EC76 /* LQMaiWeiModel.swift in Sources */,
				68252FD62B0B58770024EC76 /* MSDressBuyVC.swift in Sources */,
				68252FB42B0B42270024EC76 /* LQMessageBubbleCell.swift in Sources */,
				68ED53352B0887740099F469 /* NetworkCode.swift in Sources */,
				6847E07A2B20727500FD3D79 /* LQPKRankView.swift in Sources */,
				68252FE32B0B5D4A0024EC76 /* MSSystemNoticeModel.swift in Sources */,
				6825300C2B0C7B560024EC76 /* ExampleViewController+Mask.swift in Sources */,
				682530002B0C5CD60024EC76 /* LoadingGifView.swift in Sources */,
				68ED53472B0887870099F469 /* APIParameters.swift in Sources */,
				68ED531F2B0771F90099F469 /* UIColor+Const.swift in Sources */,
				68252FD32B0B58770024EC76 /* My+API.swift in Sources */,
				68252FFA2B0C561E0024EC76 /* Date+YXB.swift in Sources */,
				68ED53502B0887870099F469 /* AuthPlugin.swift in Sources */,
				68ED534E2B0887870099F469 /* LogPlugin.swift in Sources */,
				682530422B108E780024EC76 /* LQMaiWeiViewController.swift in Sources */,
				68252FF12B0C4D210024EC76 /* YXBPhotoBrowswer.swift in Sources */,
				682530142B0D8A3F0024EC76 /* LQAnimationQueue.swift in Sources */,
				68ED53372B0887740099F469 /* Env.swift in Sources */,
				6847E0762B2049F000FD3D79 /* LQPKMaiWeiView.swift in Sources */,
				68252FB52B0B42270024EC76 /* LQOnlyBubbleCell.swift in Sources */,
				68252FEC2B0B683A0024EC76 /* BannerViewController.swift in Sources */,
				68ED532B2B0772130099F469 /* UIFont+PingFang.swift in Sources */,
				68E67DE82B246329001CED99 /* PKReadyGifView.swift in Sources */,
				68ED532C2B0772130099F469 /* UIButton+YXB.swift in Sources */,
				68252FB12B0B42270024EC76 /* LQMessageWelcomeCell.swift in Sources */,
				68252FFE2B0C57EB0024EC76 /* PermissionManager.swift in Sources */,
				68ED535A2B088DA00099F469 /* AppDelegate+DBDebugTool.swift in Sources */,
				68252FCF2B0B58770024EC76 /* MSDressViewModel.swift in Sources */,
				68ED53492B0887870099F469 /* APIServer.swift in Sources */,
				68252FF82B0C55F50024EC76 /* String+YXB.swift in Sources */,
				682530322B0F3B930024EC76 /* FSBigGiftView.swift in Sources */,
				682530442B1098C20024EC76 /* LQAllMailWeiView.swift in Sources */,
				68252FA92B0B42270024EC76 /* LQMessageNormalJoinCell.swift in Sources */,
				682530402B1088D20024EC76 /* LQMaiWeiCell.swift in Sources */,
				68252FD42B0B58770024EC76 /* MSDressSegmentVC.swift in Sources */,
				68252FE22B0B5D4A0024EC76 /* MSSystemNoticeViewModel.swift in Sources */,
				6825306B2B11E59B0024EC76 /* LQMaiWeiViewModel+ReceiveMessage.swift in Sources */,
				682530032B0C5DA30024EC76 /* LoadingGiftViewController.swift in Sources */,
				68252FB82B0B42270024EC76 /* LQMessageBaseCell.swift in Sources */,
				682530162B0DA7EB0024EC76 /* PiaoPingViewController.swift in Sources */,
				68252FAE2B0B42270024EC76 /* LQMessageTextCell.swift in Sources */,
				68ED532A2B0772130099F469 /* UIView+YYAdd.swift in Sources */,
				68252FA72B0B42270024EC76 /* HonourTagView.swift in Sources */,
				68252FE72B0B5E470024EC76 /* YXBGifRefreshHeader.swift in Sources */,
				68ED532F2B08873E0099F469 /* NetworkBasicResponse.swift in Sources */,
				68ED534B2B0887870099F469 /* ToastPlugin.swift in Sources */,
				68ED530E2B07712A0099F469 /* YXBCountDownButton.swift in Sources */,
				68ED53202B0771F90099F469 /* Screen+Const.swift in Sources */,
				6825303A2B1040BE0024EC76 /* AppDelegate+SDWebImage.swift in Sources */,
				68252FAF2B0B42270024EC76 /* LQMessageGiftCell.swift in Sources */,
				6825300A2B0C77F00024EC76 /* LQCircleMaskAnimation.swift in Sources */,
				68ED53132B0771300099F469 /* TwoLineLabel.swift in Sources */,
				682530182B0DA8690024EC76 /* FloatingScreenView.swift in Sources */,
				68ED53562B08882D0099F469 /* YXBImageCache.swift in Sources */,
				68ED534C2B0887870099F469 /* CachePlugin.swift in Sources */,
				6847E0732B203D9300FD3D79 /* LQPersonOpenTimeView.swift in Sources */,
				68252FD22B0B58770024EC76 /* MSDressPreviewView.swift in Sources */,
				682530382B1032D80024EC76 /* LQMicrophoneUserView.swift in Sources */,
				68252FA82B0B42270024EC76 /* LQMessageNobbleJoinCell.swift in Sources */,
				68252F862B0B305A0024EC76 /* RoomPlayJoinEffectManager.swift in Sources */,
				68252FBA2B0B42270024EC76 /* LQMessageCellProtocol.swift in Sources */,
				6825303C2B1044A10024EC76 /* LQYinLiangView.swift in Sources */,
				68252FD72B0B58770024EC76 /* MSDressModel.swift in Sources */,
				682530482B10AE6B0024EC76 /* LQMaiWeiViewModel.swift in Sources */,
				68252FB92B0B42270024EC76 /* MessageViewController.swift in Sources */,
				68ED531B2B07719A0099F469 /* GCDTimerManager.swift in Sources */,
				68252FAA2B0B42270024EC76 /* LQMeesageRoomAnnouncCell.swift in Sources */,
				68ED534A2B0887870099F469 /* LogCustomPlugin.swift in Sources */,
				68252FBC2B0B43570024EC76 /* HeaderStaticView.swift in Sources */,
				6847E0822B218F0400FD3D79 /* LQPKMaiWeiViewController.swift in Sources */,
				68252FDB2B0B596F0024EC76 /* PlayEffectsView.swift in Sources */,
				68252FB72B0B42270024EC76 /* LQMessageTagsView.swift in Sources */,
				68252FA62B0B42270024EC76 /* LQMessageModel.swift in Sources */,
			);
			runOnlyForDeploymentPostprocessing = 0;
		};
/* End PBXSourcesBuildPhase section */

/* Begin XCBuildConfiguration section */
		68252F7E2B0B16350024EC76 /* Staging */ = {
			isa = XCBuildConfiguration;
			buildSettings = {
				ALWAYS_SEARCH_USER_PATHS = NO;
				ASSETCATALOG_COMPILER_GENERATE_SWIFT_ASSET_SYMBOL_EXTENSIONS = YES;
				CLANG_ANALYZER_NONNULL = YES;
				CLANG_ANALYZER_NUMBER_OBJECT_CONVERSION = YES_AGGRESSIVE;
				CLANG_CXX_LANGUAGE_STANDARD = "gnu++20";
				CLANG_ENABLE_MODULES = YES;
				CLANG_ENABLE_OBJC_ARC = YES;
				CLANG_ENABLE_OBJC_WEAK = YES;
				CLANG_WARN_BLOCK_CAPTURE_AUTORELEASING = YES;
				CLANG_WARN_BOOL_CONVERSION = YES;
				CLANG_WARN_COMMA = YES;
				CLANG_WARN_CONSTANT_CONVERSION = YES;
				CLANG_WARN_DEPRECATED_OBJC_IMPLEMENTATIONS = YES;
				CLANG_WARN_DIRECT_OBJC_ISA_USAGE = YES_ERROR;
				CLANG_WARN_DOCUMENTATION_COMMENTS = YES;
				CLANG_WARN_EMPTY_BODY = YES;
				CLANG_WARN_ENUM_CONVERSION = YES;
				CLANG_WARN_INFINITE_RECURSION = YES;
				CLANG_WARN_INT_CONVERSION = YES;
				CLANG_WARN_NON_LITERAL_NULL_CONVERSION = YES;
				CLANG_WARN_OBJC_IMPLICIT_RETAIN_SELF = YES;
				CLANG_WARN_OBJC_LITERAL_CONVERSION = YES;
				CLANG_WARN_OBJC_ROOT_CLASS = YES_ERROR;
				CLANG_WARN_QUOTED_INCLUDE_IN_FRAMEWORK_HEADER = YES;
				CLANG_WARN_RANGE_LOOP_ANALYSIS = YES;
				CLANG_WARN_STRICT_PROTOTYPES = YES;
				CLANG_WARN_SUSPICIOUS_MOVE = YES;
				CLANG_WARN_UNGUARDED_AVAILABILITY = YES_AGGRESSIVE;
				CLANG_WARN_UNREACHABLE_CODE = YES;
				CLANG_WARN__DUPLICATE_METHOD_MATCH = YES;
				COPY_PHASE_STRIP = NO;
				DEBUG_INFORMATION_FORMAT = dwarf;
				ENABLE_STRICT_OBJC_MSGSEND = YES;
				ENABLE_TESTABILITY = YES;
				ENABLE_USER_SCRIPT_SANDBOXING = NO;
				GCC_C_LANGUAGE_STANDARD = gnu17;
				GCC_DYNAMIC_NO_PIC = NO;
				GCC_NO_COMMON_BLOCKS = YES;
				GCC_OPTIMIZATION_LEVEL = 0;
				GCC_PREPROCESSOR_DEFINITIONS = (
					"STAGING=1",
					"$(inherited)",
				);
				GCC_WARN_64_TO_32_BIT_CONVERSION = YES;
				GCC_WARN_ABOUT_RETURN_TYPE = YES_ERROR;
				GCC_WARN_UNDECLARED_SELECTOR = YES;
				GCC_WARN_UNINITIALIZED_AUTOS = YES_AGGRESSIVE;
				GCC_WARN_UNUSED_FUNCTION = YES;
				GCC_WARN_UNUSED_VARIABLE = YES;
				IPHONEOS_DEPLOYMENT_TARGET = 17.0;
				LOCALIZATION_PREFERS_STRING_CATALOGS = YES;
				MTL_ENABLE_DEBUG_INFO = INCLUDE_SOURCE;
				MTL_FAST_MATH = YES;
				ONLY_ACTIVE_ARCH = YES;
				SDKROOT = iphoneos;
				SWIFT_ACTIVE_COMPILATION_CONDITIONS = "DEBUG $(inherited)";
				SWIFT_OPTIMIZATION_LEVEL = "-Onone";
			};
			name = Staging;
		};
		68252F7F2B0B16350024EC76 /* Staging */ = {
			isa = XCBuildConfiguration;
			baseConfigurationReference = 41AF1471FBF82B1FA0C960B3 /* Pods-YXBShelfProject.staging.xcconfig */;
			buildSettings = {
				ASSETCATALOG_COMPILER_APPICON_NAME = AppIcon;
				ASSETCATALOG_COMPILER_GLOBAL_ACCENT_COLOR_NAME = AccentColor;
				CLANG_ENABLE_MODULES = YES;
				CODE_SIGN_STYLE = Automatic;
				CURRENT_PROJECT_VERSION = 1;
				DEVELOPMENT_ASSET_PATHS = "\"YXBShelfProject/Preview Content\"";
				DEVELOPMENT_TEAM = ZLTU3693N2;
				ENABLE_PREVIEWS = YES;
				GENERATE_INFOPLIST_FILE = YES;
				INFOPLIST_FILE = YXBShelfProject/Lanch/Info.plist;
				INFOPLIST_KEY_UIApplicationSupportsIndirectInputEvents = YES;
				INFOPLIST_KEY_UILaunchScreen_Generation = YES;
				INFOPLIST_KEY_UISupportedInterfaceOrientations = UIInterfaceOrientationPortrait;
				IPHONEOS_DEPLOYMENT_TARGET = 15.0;
				LD_RUNPATH_SEARCH_PATHS = (
					"$(inherited)",
					"@executable_path/Frameworks",
				);
				MARKETING_VERSION = 1.0;
				PRODUCT_BUNDLE_IDENTIFIER = com.baidu.www.YXBShelfProject;
				PRODUCT_NAME = "$(TARGET_NAME)";
				SWIFT_EMIT_LOC_STRINGS = YES;
				SWIFT_OBJC_BRIDGING_HEADER = "";
				SWIFT_OPTIMIZATION_LEVEL = "-Onone";
				SWIFT_VERSION = 5.0;
				TARGETED_DEVICE_FAMILY = "1,2";
			};
			name = Staging;
		};
		68ED52D52B0760D80099F469 /* Debug */ = {
			isa = XCBuildConfiguration;
			buildSettings = {
				ALWAYS_SEARCH_USER_PATHS = NO;
				ASSETCATALOG_COMPILER_GENERATE_SWIFT_ASSET_SYMBOL_EXTENSIONS = YES;
				CLANG_ANALYZER_NONNULL = YES;
				CLANG_ANALYZER_NUMBER_OBJECT_CONVERSION = YES_AGGRESSIVE;
				CLANG_CXX_LANGUAGE_STANDARD = "gnu++20";
				CLANG_ENABLE_MODULES = YES;
				CLANG_ENABLE_OBJC_ARC = YES;
				CLANG_ENABLE_OBJC_WEAK = YES;
				CLANG_WARN_BLOCK_CAPTURE_AUTORELEASING = YES;
				CLANG_WARN_BOOL_CONVERSION = YES;
				CLANG_WARN_COMMA = YES;
				CLANG_WARN_CONSTANT_CONVERSION = YES;
				CLANG_WARN_DEPRECATED_OBJC_IMPLEMENTATIONS = YES;
				CLANG_WARN_DIRECT_OBJC_ISA_USAGE = YES_ERROR;
				CLANG_WARN_DOCUMENTATION_COMMENTS = YES;
				CLANG_WARN_EMPTY_BODY = YES;
				CLANG_WARN_ENUM_CONVERSION = YES;
				CLANG_WARN_INFINITE_RECURSION = YES;
				CLANG_WARN_INT_CONVERSION = YES;
				CLANG_WARN_NON_LITERAL_NULL_CONVERSION = YES;
				CLANG_WARN_OBJC_IMPLICIT_RETAIN_SELF = YES;
				CLANG_WARN_OBJC_LITERAL_CONVERSION = YES;
				CLANG_WARN_OBJC_ROOT_CLASS = YES_ERROR;
				CLANG_WARN_QUOTED_INCLUDE_IN_FRAMEWORK_HEADER = YES;
				CLANG_WARN_RANGE_LOOP_ANALYSIS = YES;
				CLANG_WARN_STRICT_PROTOTYPES = YES;
				CLANG_WARN_SUSPICIOUS_MOVE = YES;
				CLANG_WARN_UNGUARDED_AVAILABILITY = YES_AGGRESSIVE;
				CLANG_WARN_UNREACHABLE_CODE = YES;
				CLANG_WARN__DUPLICATE_METHOD_MATCH = YES;
				COPY_PHASE_STRIP = NO;
				DEBUG_INFORMATION_FORMAT = dwarf;
				ENABLE_STRICT_OBJC_MSGSEND = YES;
				ENABLE_TESTABILITY = YES;
				ENABLE_USER_SCRIPT_SANDBOXING = NO;
				GCC_C_LANGUAGE_STANDARD = gnu17;
				GCC_DYNAMIC_NO_PIC = NO;
				GCC_NO_COMMON_BLOCKS = YES;
				GCC_OPTIMIZATION_LEVEL = 0;
				GCC_PREPROCESSOR_DEFINITIONS = (
					"DEBUG=1",
					"$(inherited)",
				);
				GCC_WARN_64_TO_32_BIT_CONVERSION = YES;
				GCC_WARN_ABOUT_RETURN_TYPE = YES_ERROR;
				GCC_WARN_UNDECLARED_SELECTOR = YES;
				GCC_WARN_UNINITIALIZED_AUTOS = YES_AGGRESSIVE;
				GCC_WARN_UNUSED_FUNCTION = YES;
				GCC_WARN_UNUSED_VARIABLE = YES;
				IPHONEOS_DEPLOYMENT_TARGET = 17.0;
				LOCALIZATION_PREFERS_STRING_CATALOGS = YES;
				MTL_ENABLE_DEBUG_INFO = INCLUDE_SOURCE;
				MTL_FAST_MATH = YES;
				ONLY_ACTIVE_ARCH = YES;
				SDKROOT = iphoneos;
				SWIFT_ACTIVE_COMPILATION_CONDITIONS = "DEBUG $(inherited)";
				SWIFT_OPTIMIZATION_LEVEL = "-Onone";
			};
			name = Debug;
		};
		68ED52D62B0760D80099F469 /* Release */ = {
			isa = XCBuildConfiguration;
			buildSettings = {
				ALWAYS_SEARCH_USER_PATHS = NO;
				ASSETCATALOG_COMPILER_GENERATE_SWIFT_ASSET_SYMBOL_EXTENSIONS = YES;
				CLANG_ANALYZER_NONNULL = YES;
				CLANG_ANALYZER_NUMBER_OBJECT_CONVERSION = YES_AGGRESSIVE;
				CLANG_CXX_LANGUAGE_STANDARD = "gnu++20";
				CLANG_ENABLE_MODULES = YES;
				CLANG_ENABLE_OBJC_ARC = YES;
				CLANG_ENABLE_OBJC_WEAK = YES;
				CLANG_WARN_BLOCK_CAPTURE_AUTORELEASING = YES;
				CLANG_WARN_BOOL_CONVERSION = YES;
				CLANG_WARN_COMMA = YES;
				CLANG_WARN_CONSTANT_CONVERSION = YES;
				CLANG_WARN_DEPRECATED_OBJC_IMPLEMENTATIONS = YES;
				CLANG_WARN_DIRECT_OBJC_ISA_USAGE = YES_ERROR;
				CLANG_WARN_DOCUMENTATION_COMMENTS = YES;
				CLANG_WARN_EMPTY_BODY = YES;
				CLANG_WARN_ENUM_CONVERSION = YES;
				CLANG_WARN_INFINITE_RECURSION = YES;
				CLANG_WARN_INT_CONVERSION = YES;
				CLANG_WARN_NON_LITERAL_NULL_CONVERSION = YES;
				CLANG_WARN_OBJC_IMPLICIT_RETAIN_SELF = YES;
				CLANG_WARN_OBJC_LITERAL_CONVERSION = YES;
				CLANG_WARN_OBJC_ROOT_CLASS = YES_ERROR;
				CLANG_WARN_QUOTED_INCLUDE_IN_FRAMEWORK_HEADER = YES;
				CLANG_WARN_RANGE_LOOP_ANALYSIS = YES;
				CLANG_WARN_STRICT_PROTOTYPES = YES;
				CLANG_WARN_SUSPICIOUS_MOVE = YES;
				CLANG_WARN_UNGUARDED_AVAILABILITY = YES_AGGRESSIVE;
				CLANG_WARN_UNREACHABLE_CODE = YES;
				CLANG_WARN__DUPLICATE_METHOD_MATCH = YES;
				COPY_PHASE_STRIP = NO;
				DEBUG_INFORMATION_FORMAT = "dwarf-with-dsym";
				ENABLE_NS_ASSERTIONS = NO;
				ENABLE_STRICT_OBJC_MSGSEND = YES;
				ENABLE_USER_SCRIPT_SANDBOXING = NO;
				GCC_C_LANGUAGE_STANDARD = gnu17;
				GCC_NO_COMMON_BLOCKS = YES;
				GCC_WARN_64_TO_32_BIT_CONVERSION = YES;
				GCC_WARN_ABOUT_RETURN_TYPE = YES_ERROR;
				GCC_WARN_UNDECLARED_SELECTOR = YES;
				GCC_WARN_UNINITIALIZED_AUTOS = YES_AGGRESSIVE;
				GCC_WARN_UNUSED_FUNCTION = YES;
				GCC_WARN_UNUSED_VARIABLE = YES;
				IPHONEOS_DEPLOYMENT_TARGET = 17.0;
				LOCALIZATION_PREFERS_STRING_CATALOGS = YES;
				MTL_ENABLE_DEBUG_INFO = NO;
				MTL_FAST_MATH = YES;
				SDKROOT = iphoneos;
				SWIFT_COMPILATION_MODE = wholemodule;
				VALIDATE_PRODUCT = YES;
			};
			name = Release;
		};
		68ED52D82B0760D80099F469 /* Debug */ = {
			isa = XCBuildConfiguration;
			baseConfigurationReference = 33E84C5C1F29AE3702F08AC2 /* Pods-YXBShelfProject.debug.xcconfig */;
			buildSettings = {
				ASSETCATALOG_COMPILER_APPICON_NAME = AppIcon;
				ASSETCATALOG_COMPILER_GLOBAL_ACCENT_COLOR_NAME = AccentColor;
				CLANG_ENABLE_MODULES = YES;
				CODE_SIGN_STYLE = Automatic;
				CURRENT_PROJECT_VERSION = 1;
				DEVELOPMENT_ASSET_PATHS = "\"YXBShelfProject/Preview Content\"";
				DEVELOPMENT_TEAM = ZLTU3693N2;
				ENABLE_PREVIEWS = YES;
				GENERATE_INFOPLIST_FILE = YES;
				INFOPLIST_FILE = YXBShelfProject/Lanch/Info.plist;
				INFOPLIST_KEY_UIApplicationSupportsIndirectInputEvents = YES;
				INFOPLIST_KEY_UILaunchScreen_Generation = YES;
				INFOPLIST_KEY_UISupportedInterfaceOrientations = UIInterfaceOrientationPortrait;
				IPHONEOS_DEPLOYMENT_TARGET = 15.0;
				LD_RUNPATH_SEARCH_PATHS = (
					"$(inherited)",
					"@executable_path/Frameworks",
				);
				MARKETING_VERSION = 1.0;
				PRODUCT_BUNDLE_IDENTIFIER = com.baidu.www.YXBShelfProject;
				PRODUCT_NAME = "$(TARGET_NAME)";
				SWIFT_EMIT_LOC_STRINGS = YES;
				SWIFT_OBJC_BRIDGING_HEADER = "";
				SWIFT_OPTIMIZATION_LEVEL = "-Onone";
				SWIFT_VERSION = 5.0;
				TARGETED_DEVICE_FAMILY = "1,2";
			};
			name = Debug;
		};
		68ED52D92B0760D80099F469 /* Release */ = {
			isa = XCBuildConfiguration;
			baseConfigurationReference = 6BDE22C351AFDE9FE70F1451 /* Pods-YXBShelfProject.release.xcconfig */;
			buildSettings = {
				ASSETCATALOG_COMPILER_APPICON_NAME = AppIcon;
				ASSETCATALOG_COMPILER_GLOBAL_ACCENT_COLOR_NAME = AccentColor;
				CLANG_ENABLE_MODULES = YES;
				CODE_SIGN_STYLE = Automatic;
				CURRENT_PROJECT_VERSION = 1;
				DEVELOPMENT_ASSET_PATHS = "\"YXBShelfProject/Preview Content\"";
				DEVELOPMENT_TEAM = ZLTU3693N2;
				ENABLE_PREVIEWS = YES;
				GCC_PREPROCESSOR_DEFINITIONS = "$(inherited)";
				GENERATE_INFOPLIST_FILE = YES;
				INFOPLIST_FILE = YXBShelfProject/Lanch/Info.plist;
				INFOPLIST_KEY_UIApplicationSupportsIndirectInputEvents = YES;
				INFOPLIST_KEY_UILaunchScreen_Generation = YES;
				INFOPLIST_KEY_UISupportedInterfaceOrientations = UIInterfaceOrientationPortrait;
				IPHONEOS_DEPLOYMENT_TARGET = 15.0;
				LD_RUNPATH_SEARCH_PATHS = (
					"$(inherited)",
					"@executable_path/Frameworks",
				);
				MARKETING_VERSION = 1.0;
				PRODUCT_BUNDLE_IDENTIFIER = com.baidu.www.YXBShelfProject;
				PRODUCT_NAME = "$(TARGET_NAME)";
				SWIFT_EMIT_LOC_STRINGS = YES;
				SWIFT_OBJC_BRIDGING_HEADER = "";
				SWIFT_VERSION = 5.0;
				TARGETED_DEVICE_FAMILY = "1,2";
			};
			name = Release;
		};
/* End XCBuildConfiguration section */

/* Begin XCConfigurationList section */
		68ED52C42B0760D60099F469 /* Build configuration list for PBXProject "YXBShelfProject" */ = {
			isa = XCConfigurationList;
			buildConfigurations = (
				68ED52D52B0760D80099F469 /* Debug */,
				68252F7E2B0B16350024EC76 /* Staging */,
				68ED52D62B0760D80099F469 /* Release */,
			);
			defaultConfigurationIsVisible = 0;
			defaultConfigurationName = Release;
		};
		68ED52D72B0760D80099F469 /* Build configuration list for PBXNativeTarget "YXBShelfProject" */ = {
			isa = XCConfigurationList;
			buildConfigurations = (
				68ED52D82B0760D80099F469 /* Debug */,
				68252F7F2B0B16350024EC76 /* Staging */,
				68ED52D92B0760D80099F469 /* Release */,
			);
			defaultConfigurationIsVisible = 0;
			defaultConfigurationName = Release;
		};
/* End XCConfigurationList section */
	};
	rootObject = 68ED52C12B0760D60099F469 /* Project object */;
}
