// !$*UTF8*$!
{
	archiveVersion = 1;
	classes = {
	};
	objectVersion = 56;
	objects = {

/* Begin PBXBuildFile section */
		68252F7D2B0B15200024EC76 /* readme.txt in Resources */ = {isa = PBXBuildFile; fileRef = 68252F7C2B0B15200024EC76 /* readme.txt */; };
		68ED52D12B0760D80099F469 /* Assets.xcassets in Resources */ = {isa = PBXBuildFile; fileRef = 68ED52D02B0760D80099F469 /* Assets.xcassets */; };
		68ED52D42B0760D80099F469 /* Preview Assets.xcassets in Resources */ = {isa = PBXBuildFile; fileRef = 68ED52D32B0760D80099F469 /* Preview Assets.xcassets */; };
		68ED52DB2B0761520099F469 /* AppDelegate.swift in Sources */ = {isa = PBXBuildFile; fileRef = 68ED52DA2B0761520099F469 /* AppDelegate.swift */; };
		68ED530E2B07712A0099F469 /* YXBCountDownButton.swift in Sources */ = {isa = PBXBuildFile; fileRef = 68ED530D2B07712A0099F469 /* YXBCountDownButton.swift */; };
		68ED53122B0771300099F469 /* YXBButton.swift in Sources */ = {isa = PBXBuildFile; fileRef = 68ED530F2B0771300099F469 /* YXBButton.swift */; };
		68ED53132B0771300099F469 /* TwoLineLabel.swift in Sources */ = {isa = PBXBuildFile; fileRef = 68ED53102B0771300099F469 /* TwoLineLabel.swift */; };
		68ED53142B0771300099F469 /* TwoLineButton.swift in Sources */ = {isa = PBXBuildFile; fileRef = 68ED53112B0771300099F469 /* TwoLineButton.swift */; };
		68ED53192B07718F0099F469 /* MyUIFactory.swift in Sources */ = {isa = PBXBuildFile; fileRef = 68ED53182B07718F0099F469 /* MyUIFactory.swift */; };
		68ED531B2B07719A0099F469 /* GCDTimerManager.swift in Sources */ = {isa = PBXBuildFile; fileRef = 68ED531A2B07719A0099F469 /* GCDTimerManager.swift */; };
		68ED531F2B0771F90099F469 /* UIColor+Const.swift in Sources */ = {isa = PBXBuildFile; fileRef = 68ED531C2B0771F80099F469 /* UIColor+Const.swift */; };
		68ED53202B0771F90099F469 /* Screen+Const.swift in Sources */ = {isa = PBXBuildFile; fileRef = 68ED531D2B0771F80099F469 /* Screen+Const.swift */; };
		68ED53212B0771F90099F469 /* UIFont+Const.swift in Sources */ = {isa = PBXBuildFile; fileRef = 68ED531E2B0771F80099F469 /* UIFont+Const.swift */; };
		68ED53282B0772130099F469 /* UIView+Gradient.swift in Sources */ = {isa = PBXBuildFile; fileRef = 68ED53222B0772130099F469 /* UIView+Gradient.swift */; };
		68ED53292B0772130099F469 /* UIView+YXB.swift in Sources */ = {isa = PBXBuildFile; fileRef = 68ED53232B0772130099F469 /* UIView+YXB.swift */; };
		68ED532A2B0772130099F469 /* UIView+YYAdd.swift in Sources */ = {isa = PBXBuildFile; fileRef = 68ED53242B0772130099F469 /* UIView+YYAdd.swift */; };
		68ED532B2B0772130099F469 /* UIFont+PingFang.swift in Sources */ = {isa = PBXBuildFile; fileRef = 68ED53252B0772130099F469 /* UIFont+PingFang.swift */; };
		68ED532C2B0772130099F469 /* UIButton+YXB.swift in Sources */ = {isa = PBXBuildFile; fileRef = 68ED53262B0772130099F469 /* UIButton+YXB.swift */; };
		68ED532D2B0772130099F469 /* NSObject+ClassName.swift in Sources */ = {isa = PBXBuildFile; fileRef = 68ED53272B0772130099F469 /* NSObject+ClassName.swift */; };
		68ED532F2B08873E0099F469 /* NetworkBasicResponse.swift in Sources */ = {isa = PBXBuildFile; fileRef = 68ED532E2B08873E0099F469 /* NetworkBasicResponse.swift */; };
		68ED53342B0887740099F469 /* NetworkError.swift in Sources */ = {isa = PBXBuildFile; fileRef = 68ED53302B0887740099F469 /* NetworkError.swift */; };
		68ED53352B0887740099F469 /* NetworkCode.swift in Sources */ = {isa = PBXBuildFile; fileRef = 68ED53312B0887740099F469 /* NetworkCode.swift */; };
		68ED53362B0887740099F469 /* NetworkManager.swift in Sources */ = {isa = PBXBuildFile; fileRef = 68ED53322B0887740099F469 /* NetworkManager.swift */; };
		68ED53372B0887740099F469 /* Env.swift in Sources */ = {isa = PBXBuildFile; fileRef = 68ED53332B0887740099F469 /* Env.swift */; };
		68ED53472B0887870099F469 /* APIParameters.swift in Sources */ = {isa = PBXBuildFile; fileRef = 68ED53392B0887870099F469 /* APIParameters.swift */; };
		68ED53482B0887870099F469 /* APIRouter.swift in Sources */ = {isa = PBXBuildFile; fileRef = 68ED533A2B0887870099F469 /* APIRouter.swift */; };
		68ED53492B0887870099F469 /* APIServer.swift in Sources */ = {isa = PBXBuildFile; fileRef = 68ED533B2B0887870099F469 /* APIServer.swift */; };
		68ED534A2B0887870099F469 /* LogCustomPlugin.swift in Sources */ = {isa = PBXBuildFile; fileRef = 68ED533D2B0887870099F469 /* LogCustomPlugin.swift */; };
		68ED534B2B0887870099F469 /* ToastPlugin.swift in Sources */ = {isa = PBXBuildFile; fileRef = 68ED533E2B0887870099F469 /* ToastPlugin.swift */; };
		68ED534C2B0887870099F469 /* CachePlugin.swift in Sources */ = {isa = PBXBuildFile; fileRef = 68ED533F2B0887870099F469 /* CachePlugin.swift */; };
		68ED534D2B0887870099F469 /* RSAPlugin.swift in Sources */ = {isa = PBXBuildFile; fileRef = 68ED53402B0887870099F469 /* RSAPlugin.swift */; };
		68ED534E2B0887870099F469 /* LogPlugin.swift in Sources */ = {isa = PBXBuildFile; fileRef = 68ED53412B0887870099F469 /* LogPlugin.swift */; };
		68ED534F2B0887870099F469 /* NetowrkPluginManager.swift in Sources */ = {isa = PBXBuildFile; fileRef = 68ED53422B0887870099F469 /* NetowrkPluginManager.swift */; };
		68ED53502B0887870099F469 /* AuthPlugin.swift in Sources */ = {isa = PBXBuildFile; fileRef = 68ED53432B0887870099F469 /* AuthPlugin.swift */; };
		68ED53512B0887870099F469 /* ProgressPlugin.swift in Sources */ = {isa = PBXBuildFile; fileRef = 68ED53442B0887870099F469 /* ProgressPlugin.swift */; };
		68ED53522B0887870099F469 /* MyMoyaExmple.swift in Sources */ = {isa = PBXBuildFile; fileRef = 68ED53462B0887870099F469 /* MyMoyaExmple.swift */; };
		68ED53542B0887C60099F469 /* YXBBaseViewController.swift in Sources */ = {isa = PBXBuildFile; fileRef = 68ED53532B0887C60099F469 /* YXBBaseViewController.swift */; };
		68ED53562B08882D0099F469 /* YXBImageCache.swift in Sources */ = {isa = PBXBuildFile; fileRef = 68ED53552B08882D0099F469 /* YXBImageCache.swift */; };
		68ED53582B0888860099F469 /* User+Const.swift in Sources */ = {isa = PBXBuildFile; fileRef = 68ED53572B0888860099F469 /* User+Const.swift */; };
		68ED535A2B088DA00099F469 /* AppDelegate+DBDebugTool.swift in Sources */ = {isa = PBXBuildFile; fileRef = 68ED53592B088DA00099F469 /* AppDelegate+DBDebugTool.swift */; };
		68ED535C2B0894800099F469 /* LQNetWorkHostUrl.swift in Sources */ = {isa = PBXBuildFile; fileRef = 68ED535B2B0894800099F469 /* LQNetWorkHostUrl.swift */; };
		68ED535E2B08C1B80099F469 /* IPNRSAUtil.swift in Sources */ = {isa = PBXBuildFile; fileRef = 68ED535D2B08C1B80099F469 /* IPNRSAUtil.swift */; };
		8EE63CAC2BA993086660B981 /* libPods-YXBShelfProject.a in Frameworks */ = {isa = PBXBuildFile; fileRef = DEFD9847B1C5B3D5D2748B2E /* libPods-YXBShelfProject.a */; };
/* End PBXBuildFile section */

/* Begin PBXFileReference section */
		33E84C5C1F29AE3702F08AC2 /* Pods-YXBShelfProject.debug.xcconfig */ = {isa = PBXFileReference; includeInIndex = 1; lastKnownFileType = text.xcconfig; name = "Pods-YXBShelfProject.debug.xcconfig"; path = "Target Support Files/Pods-YXBShelfProject/Pods-YXBShelfProject.debug.xcconfig"; sourceTree = "<group>"; };
		41AF1471FBF82B1FA0C960B3 /* Pods-YXBShelfProject.staging.xcconfig */ = {isa = PBXFileReference; includeInIndex = 1; lastKnownFileType = text.xcconfig; name = "Pods-YXBShelfProject.staging.xcconfig"; path = "Target Support Files/Pods-YXBShelfProject/Pods-YXBShelfProject.staging.xcconfig"; sourceTree = "<group>"; };
		68252F7C2B0B15200024EC76 /* readme.txt */ = {isa = PBXFileReference; fileEncoding = 4; lastKnownFileType = text; path = readme.txt; sourceTree = "<group>"; };
		68ED52C92B0760D60099F469 /* YXBShelfProject.app */ = {isa = PBXFileReference; explicitFileType = wrapper.application; includeInIndex = 0; path = YXBShelfProject.app; sourceTree = BUILT_PRODUCTS_DIR; };
		68ED52D02B0760D80099F469 /* Assets.xcassets */ = {isa = PBXFileReference; lastKnownFileType = folder.assetcatalog; path = Assets.xcassets; sourceTree = "<group>"; };
		68ED52D32B0760D80099F469 /* Preview Assets.xcassets */ = {isa = PBXFileReference; lastKnownFileType = folder.assetcatalog; path = "Preview Assets.xcassets"; sourceTree = "<group>"; };
		68ED52DA2B0761520099F469 /* AppDelegate.swift */ = {isa = PBXFileReference; lastKnownFileType = sourcecode.swift; path = AppDelegate.swift; sourceTree = "<group>"; };
		68ED52FE2B0765A30099F469 /* Info.plist */ = {isa = PBXFileReference; lastKnownFileType = text.plist.xml; path = Info.plist; sourceTree = "<group>"; };
		68ED530D2B07712A0099F469 /* YXBCountDownButton.swift */ = {isa = PBXFileReference; fileEncoding = 4; lastKnownFileType = sourcecode.swift; path = YXBCountDownButton.swift; sourceTree = "<group>"; };
		68ED530F2B0771300099F469 /* YXBButton.swift */ = {isa = PBXFileReference; fileEncoding = 4; lastKnownFileType = sourcecode.swift; path = YXBButton.swift; sourceTree = "<group>"; };
		68ED53102B0771300099F469 /* TwoLineLabel.swift */ = {isa = PBXFileReference; fileEncoding = 4; lastKnownFileType = sourcecode.swift; path = TwoLineLabel.swift; sourceTree = "<group>"; };
		68ED53112B0771300099F469 /* TwoLineButton.swift */ = {isa = PBXFileReference; fileEncoding = 4; lastKnownFileType = sourcecode.swift; path = TwoLineButton.swift; sourceTree = "<group>"; };
		68ED53182B07718F0099F469 /* MyUIFactory.swift */ = {isa = PBXFileReference; fileEncoding = 4; lastKnownFileType = sourcecode.swift; path = MyUIFactory.swift; sourceTree = "<group>"; };
		68ED531A2B07719A0099F469 /* GCDTimerManager.swift */ = {isa = PBXFileReference; fileEncoding = 4; lastKnownFileType = sourcecode.swift; path = GCDTimerManager.swift; sourceTree = "<group>"; };
		68ED531C2B0771F80099F469 /* UIColor+Const.swift */ = {isa = PBXFileReference; fileEncoding = 4; lastKnownFileType = sourcecode.swift; path = "UIColor+Const.swift"; sourceTree = "<group>"; };
		68ED531D2B0771F80099F469 /* Screen+Const.swift */ = {isa = PBXFileReference; fileEncoding = 4; lastKnownFileType = sourcecode.swift; path = "Screen+Const.swift"; sourceTree = "<group>"; };
		68ED531E2B0771F80099F469 /* UIFont+Const.swift */ = {isa = PBXFileReference; fileEncoding = 4; lastKnownFileType = sourcecode.swift; path = "UIFont+Const.swift"; sourceTree = "<group>"; };
		68ED53222B0772130099F469 /* UIView+Gradient.swift */ = {isa = PBXFileReference; fileEncoding = 4; lastKnownFileType = sourcecode.swift; path = "UIView+Gradient.swift"; sourceTree = "<group>"; };
		68ED53232B0772130099F469 /* UIView+YXB.swift */ = {isa = PBXFileReference; fileEncoding = 4; lastKnownFileType = sourcecode.swift; path = "UIView+YXB.swift"; sourceTree = "<group>"; };
		68ED53242B0772130099F469 /* UIView+YYAdd.swift */ = {isa = PBXFileReference; fileEncoding = 4; lastKnownFileType = sourcecode.swift; path = "UIView+YYAdd.swift"; sourceTree = "<group>"; };
		68ED53252B0772130099F469 /* UIFont+PingFang.swift */ = {isa = PBXFileReference; fileEncoding = 4; lastKnownFileType = sourcecode.swift; path = "UIFont+PingFang.swift"; sourceTree = "<group>"; };
		68ED53262B0772130099F469 /* UIButton+YXB.swift */ = {isa = PBXFileReference; fileEncoding = 4; lastKnownFileType = sourcecode.swift; path = "UIButton+YXB.swift"; sourceTree = "<group>"; };
		68ED53272B0772130099F469 /* NSObject+ClassName.swift */ = {isa = PBXFileReference; fileEncoding = 4; lastKnownFileType = sourcecode.swift; path = "NSObject+ClassName.swift"; sourceTree = "<group>"; };
		68ED532E2B08873E0099F469 /* NetworkBasicResponse.swift */ = {isa = PBXFileReference; fileEncoding = 4; lastKnownFileType = sourcecode.swift; path = NetworkBasicResponse.swift; sourceTree = "<group>"; };
		68ED53302B0887740099F469 /* NetworkError.swift */ = {isa = PBXFileReference; fileEncoding = 4; lastKnownFileType = sourcecode.swift; path = NetworkError.swift; sourceTree = "<group>"; };
		68ED53312B0887740099F469 /* NetworkCode.swift */ = {isa = PBXFileReference; fileEncoding = 4; lastKnownFileType = sourcecode.swift; path = NetworkCode.swift; sourceTree = "<group>"; };
		68ED53322B0887740099F469 /* NetworkManager.swift */ = {isa = PBXFileReference; fileEncoding = 4; lastKnownFileType = sourcecode.swift; path = NetworkManager.swift; sourceTree = "<group>"; };
		68ED53332B0887740099F469 /* Env.swift */ = {isa = PBXFileReference; fileEncoding = 4; lastKnownFileType = sourcecode.swift; path = Env.swift; sourceTree = "<group>"; };
		68ED53392B0887870099F469 /* APIParameters.swift */ = {isa = PBXFileReference; fileEncoding = 4; lastKnownFileType = sourcecode.swift; path = APIParameters.swift; sourceTree = "<group>"; };
		68ED533A2B0887870099F469 /* APIRouter.swift */ = {isa = PBXFileReference; fileEncoding = 4; lastKnownFileType = sourcecode.swift; path = APIRouter.swift; sourceTree = "<group>"; };
		68ED533B2B0887870099F469 /* APIServer.swift */ = {isa = PBXFileReference; fileEncoding = 4; lastKnownFileType = sourcecode.swift; path = APIServer.swift; sourceTree = "<group>"; };
		68ED533D2B0887870099F469 /* LogCustomPlugin.swift */ = {isa = PBXFileReference; fileEncoding = 4; lastKnownFileType = sourcecode.swift; path = LogCustomPlugin.swift; sourceTree = "<group>"; };
		68ED533E2B0887870099F469 /* ToastPlugin.swift */ = {isa = PBXFileReference; fileEncoding = 4; lastKnownFileType = sourcecode.swift; path = ToastPlugin.swift; sourceTree = "<group>"; };
		68ED533F2B0887870099F469 /* CachePlugin.swift */ = {isa = PBXFileReference; fileEncoding = 4; lastKnownFileType = sourcecode.swift; path = CachePlugin.swift; sourceTree = "<group>"; };
		68ED53402B0887870099F469 /* RSAPlugin.swift */ = {isa = PBXFileReference; fileEncoding = 4; lastKnownFileType = sourcecode.swift; path = RSAPlugin.swift; sourceTree = "<group>"; };
		68ED53412B0887870099F469 /* LogPlugin.swift */ = {isa = PBXFileReference; fileEncoding = 4; lastKnownFileType = sourcecode.swift; path = LogPlugin.swift; sourceTree = "<group>"; };
		68ED53422B0887870099F469 /* NetowrkPluginManager.swift */ = {isa = PBXFileReference; fileEncoding = 4; lastKnownFileType = sourcecode.swift; path = NetowrkPluginManager.swift; sourceTree = "<group>"; };
		68ED53432B0887870099F469 /* AuthPlugin.swift */ = {isa = PBXFileReference; fileEncoding = 4; lastKnownFileType = sourcecode.swift; path = AuthPlugin.swift; sourceTree = "<group>"; };
		68ED53442B0887870099F469 /* ProgressPlugin.swift */ = {isa = PBXFileReference; fileEncoding = 4; lastKnownFileType = sourcecode.swift; path = ProgressPlugin.swift; sourceTree = "<group>"; };
		68ED53462B0887870099F469 /* MyMoyaExmple.swift */ = {isa = PBXFileReference; fileEncoding = 4; lastKnownFileType = sourcecode.swift; path = MyMoyaExmple.swift; sourceTree = "<group>"; };
		68ED53532B0887C60099F469 /* YXBBaseViewController.swift */ = {isa = PBXFileReference; lastKnownFileType = sourcecode.swift; path = YXBBaseViewController.swift; sourceTree = "<group>"; };
		68ED53552B08882D0099F469 /* YXBImageCache.swift */ = {isa = PBXFileReference; lastKnownFileType = sourcecode.swift; path = YXBImageCache.swift; sourceTree = "<group>"; };
		68ED53572B0888860099F469 /* User+Const.swift */ = {isa = PBXFileReference; fileEncoding = 4; lastKnownFileType = sourcecode.swift; path = "User+Const.swift"; sourceTree = "<group>"; };
		68ED53592B088DA00099F469 /* AppDelegate+DBDebugTool.swift */ = {isa = PBXFileReference; lastKnownFileType = sourcecode.swift; path = "AppDelegate+DBDebugTool.swift"; sourceTree = "<group>"; };
		68ED535B2B0894800099F469 /* LQNetWorkHostUrl.swift */ = {isa = PBXFileReference; lastKnownFileType = sourcecode.swift; path = LQNetWorkHostUrl.swift; sourceTree = "<group>"; };
		68ED535D2B08C1B80099F469 /* IPNRSAUtil.swift */ = {isa = PBXFileReference; lastKnownFileType = sourcecode.swift; path = IPNRSAUtil.swift; sourceTree = "<group>"; };
		6BDE22C351AFDE9FE70F1451 /* Pods-YXBShelfProject.release.xcconfig */ = {isa = PBXFileReference; includeInIndex = 1; lastKnownFileType = text.xcconfig; name = "Pods-YXBShelfProject.release.xcconfig"; path = "Target Support Files/Pods-YXBShelfProject/Pods-YXBShelfProject.release.xcconfig"; sourceTree = "<group>"; };
		DEFD9847B1C5B3D5D2748B2E /* libPods-YXBShelfProject.a */ = {isa = PBXFileReference; explicitFileType = archive.ar; includeInIndex = 0; path = "libPods-YXBShelfProject.a"; sourceTree = BUILT_PRODUCTS_DIR; };
/* End PBXFileReference section */

/* Begin PBXFrameworksBuildPhase section */
		68ED52C62B0760D60099F469 /* Frameworks */ = {
			isa = PBXFrameworksBuildPhase;
			buildActionMask = 2147483647;
			files = (
				8EE63CAC2BA993086660B981 /* libPods-YXBShelfProject.a in Frameworks */,
			);
			runOnlyForDeploymentPostprocessing = 0;
		};
/* End PBXFrameworksBuildPhase section */

/* Begin PBXGroup section */
		68252F7B2B0B15200024EC76 /* Third */ = {
			isa = PBXGroup;
			children = (
				68252F7C2B0B15200024EC76 /* readme.txt */,
			);
			path = Third;
			sourceTree = "<group>";
		};
		68ED52C02B0760D60099F469 = {
			isa = PBXGroup;
			children = (
				68ED52CB2B0760D60099F469 /* YXBShelfProject */,
				68ED52CA2B0760D60099F469 /* Products */,
				B435B6586BA752350B2D0239 /* Pods */,
				B3DBF970E717B82DEF610987 /* Frameworks */,
			);
			sourceTree = "<group>";
		};
		68ED52CA2B0760D60099F469 /* Products */ = {
			isa = PBXGroup;
			children = (
				68ED52C92B0760D60099F469 /* YXBShelfProject.app */,
			);
			name = Products;
			sourceTree = "<group>";
		};
		68ED52CB2B0760D60099F469 /* YXBShelfProject */ = {
			isa = PBXGroup;
			children = (
				68ED52FF2B07668E0099F469 /* AppDelegate */,
				68ED53012B07682D0099F469 /* Lanch */,
				68ED53022B0768440099F469 /* Base */,
				68ED53042B07685A0099F469 /* Extension */,
				68ED53082B0769960099F469 /* Const */,
				68ED53032B07684E0099F469 /* UI */,
				68ED53092B0770CD0099F469 /* Tool */,
				68ED53062B07687C0099F469 /* Model */,
				68ED53052B0768750099F469 /* Network */,
				68252F7B2B0B15200024EC76 /* Third */,
				68ED53002B0766B50099F469 /* Assets */,
				68ED52D22B0760D80099F469 /* Preview Content */,
			);
			path = YXBShelfProject;
			sourceTree = "<group>";
		};
		68ED52D22B0760D80099F469 /* Preview Content */ = {
			isa = PBXGroup;
			children = (
				68ED52D32B0760D80099F469 /* Preview Assets.xcassets */,
			);
			path = "Preview Content";
			sourceTree = "<group>";
		};
		68ED52FF2B07668E0099F469 /* AppDelegate */ = {
			isa = PBXGroup;
			children = (
				68ED52DA2B0761520099F469 /* AppDelegate.swift */,
				68ED53592B088DA00099F469 /* AppDelegate+DBDebugTool.swift */,
				68ED535B2B0894800099F469 /* LQNetWorkHostUrl.swift */,
			);
			path = AppDelegate;
			sourceTree = "<group>";
		};
		68ED53002B0766B50099F469 /* Assets */ = {
			isa = PBXGroup;
			children = (
				68ED52D02B0760D80099F469 /* Assets.xcassets */,
			);
			path = Assets;
			sourceTree = "<group>";
		};
		68ED53012B07682D0099F469 /* Lanch */ = {
			isa = PBXGroup;
			children = (
				68ED52FE2B0765A30099F469 /* Info.plist */,
			);
			path = Lanch;
			sourceTree = "<group>";
		};
		68ED53022B0768440099F469 /* Base */ = {
			isa = PBXGroup;
			children = (
				68ED53532B0887C60099F469 /* YXBBaseViewController.swift */,
			);
			path = Base;
			sourceTree = "<group>";
		};
		68ED53032B07684E0099F469 /* UI */ = {
			isa = PBXGroup;
			children = (
				68ED53182B07718F0099F469 /* MyUIFactory.swift */,
				68ED530C2B0771180099F469 /* PublicView */,
				68ED530A2B0770DB0099F469 /* CustomView */,
			);
			path = UI;
			sourceTree = "<group>";
		};
		68ED53042B07685A0099F469 /* Extension */ = {
			isa = PBXGroup;
			children = (
				68ED53272B0772130099F469 /* NSObject+ClassName.swift */,
				68ED53262B0772130099F469 /* UIButton+YXB.swift */,
				68ED53252B0772130099F469 /* UIFont+PingFang.swift */,
				68ED53222B0772130099F469 /* UIView+Gradient.swift */,
				68ED53232B0772130099F469 /* UIView+YXB.swift */,
				68ED53242B0772130099F469 /* UIView+YYAdd.swift */,
			);
			path = Extension;
			sourceTree = "<group>";
		};
		68ED53052B0768750099F469 /* Network */ = {
			isa = PBXGroup;
			children = (
				68ED53332B0887740099F469 /* Env.swift */,
				68ED53322B0887740099F469 /* NetworkManager.swift */,
				68ED53302B0887740099F469 /* NetworkError.swift */,
				68ED53312B0887740099F469 /* NetworkCode.swift */,
				68ED53452B0887870099F469 /* Example */,
				68ED53382B0887870099F469 /* Router */,
				68ED533C2B0887870099F469 /* Plugins */,
			);
			path = Network;
			sourceTree = "<group>";
		};
		68ED53062B07687C0099F469 /* Model */ = {
			isa = PBXGroup;
			children = (
				68ED532E2B08873E0099F469 /* NetworkBasicResponse.swift */,
			);
			path = Model;
			sourceTree = "<group>";
		};
		68ED53082B0769960099F469 /* Const */ = {
			isa = PBXGroup;
			children = (
				68ED531D2B0771F80099F469 /* Screen+Const.swift */,
				68ED531C2B0771F80099F469 /* UIColor+Const.swift */,
				68ED531E2B0771F80099F469 /* UIFont+Const.swift */,
				68ED53572B0888860099F469 /* User+Const.swift */,
			);
			path = Const;
			sourceTree = "<group>";
		};
		68ED53092B0770CD0099F469 /* Tool */ = {
			isa = PBXGroup;
			children = (
				68ED531A2B07719A0099F469 /* GCDTimerManager.swift */,
				68ED53552B08882D0099F469 /* YXBImageCache.swift */,
				68ED535D2B08C1B80099F469 /* IPNRSAUtil.swift */,
			);
			path = Tool;
			sourceTree = "<group>";
		};
		68ED530A2B0770DB0099F469 /* CustomView */ = {
			isa = PBXGroup;
			children = (
				68ED530D2B07712A0099F469 /* YXBCountDownButton.swift */,
			);
			path = CustomView;
			sourceTree = "<group>";
		};
		68ED530C2B0771180099F469 /* PublicView */ = {
			isa = PBXGroup;
			children = (
				68ED53112B0771300099F469 /* TwoLineButton.swift */,
				68ED53102B0771300099F469 /* TwoLineLabel.swift */,
				68ED530F2B0771300099F469 /* YXBButton.swift */,
			);
			path = PublicView;
			sourceTree = "<group>";
		};
		68ED53382B0887870099F469 /* Router */ = {
			isa = PBXGroup;
			children = (
				68ED53392B0887870099F469 /* APIParameters.swift */,
				68ED533A2B0887870099F469 /* APIRouter.swift */,
				68ED533B2B0887870099F469 /* APIServer.swift */,
			);
			path = Router;
			sourceTree = "<group>";
		};
		68ED533C2B0887870099F469 /* Plugins */ = {
			isa = PBXGroup;
			children = (
				68ED53422B0887870099F469 /* NetowrkPluginManager.swift */,
				68ED533D2B0887870099F469 /* LogCustomPlugin.swift */,
				68ED53412B0887870099F469 /* LogPlugin.swift */,
				68ED53432B0887870099F469 /* AuthPlugin.swift */,
				68ED53442B0887870099F469 /* ProgressPlugin.swift */,
				68ED533E2B0887870099F469 /* ToastPlugin.swift */,
				68ED53402B0887870099F469 /* RSAPlugin.swift */,
				68ED533F2B0887870099F469 /* CachePlugin.swift */,
			);
			path = Plugins;
			sourceTree = "<group>";
		};
		68ED53452B0887870099F469 /* Example */ = {
			isa = PBXGroup;
			children = (
				68ED53462B0887870099F469 /* MyMoyaExmple.swift */,
			);
			path = Example;
			sourceTree = "<group>";
		};
		B3DBF970E717B82DEF610987 /* Frameworks */ = {
			isa = PBXGroup;
			children = (
				DEFD9847B1C5B3D5D2748B2E /* libPods-YXBShelfProject.a */,
			);
			name = Frameworks;
			sourceTree = "<group>";
		};
		B435B6586BA752350B2D0239 /* Pods */ = {
			isa = PBXGroup;
			children = (
				33E84C5C1F29AE3702F08AC2 /* Pods-YXBShelfProject.debug.xcconfig */,
				6BDE22C351AFDE9FE70F1451 /* Pods-YXBShelfProject.release.xcconfig */,
				41AF1471FBF82B1FA0C960B3 /* Pods-YXBShelfProject.staging.xcconfig */,
			);
			path = Pods;
			sourceTree = "<group>";
		};
/* End PBXGroup section */

/* Begin PBXNativeTarget section */
		68ED52C82B0760D60099F469 /* YXBShelfProject */ = {
			isa = PBXNativeTarget;
			buildConfigurationList = 68ED52D72B0760D80099F469 /* Build configuration list for PBXNativeTarget "YXBShelfProject" */;
			buildPhases = (
				06D9C6E4AE7358FCBD57F839 /* [CP] Check Pods Manifest.lock */,
				68ED52C52B0760D60099F469 /* Sources */,
				68ED52C62B0760D60099F469 /* Frameworks */,
				68ED52C72B0760D60099F469 /* Resources */,
				F220B7F7870D4C65953742B7 /* [CP] Copy Pods Resources */,
			);
			buildRules = (
			);
			dependencies = (
			);
			name = YXBShelfProject;
			productName = YXBShelfProject;
			productReference = 68ED52C92B0760D60099F469 /* YXBShelfProject.app */;
			productType = "com.apple.product-type.application";
		};
/* End PBXNativeTarget section */

/* Begin PBXProject section */
		68ED52C12B0760D60099F469 /* Project object */ = {
			isa = PBXProject;
			attributes = {
				BuildIndependentTargetsInParallel = 1;
				LastSwiftUpdateCheck = 1500;
				LastUpgradeCheck = 1500;
				TargetAttributes = {
					68ED52C82B0760D60099F469 = {
						CreatedOnToolsVersion = 15.0.1;
					};
				};
			};
			buildConfigurationList = 68ED52C42B0760D60099F469 /* Build configuration list for PBXProject "YXBShelfProject" */;
			compatibilityVersion = "Xcode 14.0";
			developmentRegion = en;
			hasScannedForEncodings = 0;
			knownRegions = (
				en,
				Base,
			);
			mainGroup = 68ED52C02B0760D60099F469;
			productRefGroup = 68ED52CA2B0760D60099F469 /* Products */;
			projectDirPath = "";
			projectRoot = "";
			targets = (
				68ED52C82B0760D60099F469 /* YXBShelfProject */,
			);
		};
/* End PBXProject section */

/* Begin PBXResourcesBuildPhase section */
		68ED52C72B0760D60099F469 /* Resources */ = {
			isa = PBXResourcesBuildPhase;
			buildActionMask = 2147483647;
			files = (
				68252F7D2B0B15200024EC76 /* readme.txt in Resources */,
				68ED52D42B0760D80099F469 /* Preview Assets.xcassets in Resources */,
				68ED52D12B0760D80099F469 /* Assets.xcassets in Resources */,
			);
			runOnlyForDeploymentPostprocessing = 0;
		};
/* End PBXResourcesBuildPhase section */

/* Begin PBXShellScriptBuildPhase section */
		06D9C6E4AE7358FCBD57F839 /* [CP] Check Pods Manifest.lock */ = {
			isa = PBXShellScriptBuildPhase;
			buildActionMask = 2147483647;
			files = (
			);
			inputFileListPaths = (
			);
			inputPaths = (
				"${PODS_PODFILE_DIR_PATH}/Podfile.lock",
				"${PODS_ROOT}/Manifest.lock",
			);
			name = "[CP] Check Pods Manifest.lock";
			outputFileListPaths = (
			);
			outputPaths = (
				"$(DERIVED_FILE_DIR)/Pods-YXBShelfProject-checkManifestLockResult.txt",
			);
			runOnlyForDeploymentPostprocessing = 0;
			shellPath = /bin/sh;
			shellScript = "diff \"${PODS_PODFILE_DIR_PATH}/Podfile.lock\" \"${PODS_ROOT}/Manifest.lock\" > /dev/null\nif [ $? != 0 ] ; then\n    # print error to STDERR\n    echo \"error: The sandbox is not in sync with the Podfile.lock. Run 'pod install' or update your CocoaPods installation.\" >&2\n    exit 1\nfi\n# This output is used by Xcode 'outputs' to avoid re-running this script phase.\necho \"SUCCESS\" > \"${SCRIPT_OUTPUT_FILE_0}\"\n";
			showEnvVarsInLog = 0;
		};
		F220B7F7870D4C65953742B7 /* [CP] Copy Pods Resources */ = {
			isa = PBXShellScriptBuildPhase;
			buildActionMask = 2147483647;
			files = (
			);
			inputFileListPaths = (
				"${PODS_ROOT}/Target Support Files/Pods-YXBShelfProject/Pods-YXBShelfProject-resources-${CONFIGURATION}-input-files.xcfilelist",
			);
			name = "[CP] Copy Pods Resources";
			outputFileListPaths = (
				"${PODS_ROOT}/Target Support Files/Pods-YXBShelfProject/Pods-YXBShelfProject-resources-${CONFIGURATION}-output-files.xcfilelist",
			);
			runOnlyForDeploymentPostprocessing = 0;
			shellPath = /bin/sh;
			shellScript = "\"${PODS_ROOT}/Target Support Files/Pods-YXBShelfProject/Pods-YXBShelfProject-resources.sh\"\n";
			showEnvVarsInLog = 0;
		};
/* End PBXShellScriptBuildPhase section */

/* Begin PBXSourcesBuildPhase section */
		68ED52C52B0760D60099F469 /* Sources */ = {
			isa = PBXSourcesBuildPhase;
			buildActionMask = 2147483647;
			files = (
				68ED53292B0772130099F469 /* UIView+YXB.swift in Sources */,
				68ED53482B0887870099F469 /* APIRouter.swift in Sources */,
				68ED53192B07718F0099F469 /* MyUIFactory.swift in Sources */,
				68ED53142B0771300099F469 /* TwoLineButton.swift in Sources */,
				68ED53582B0888860099F469 /* User+Const.swift in Sources */,
				68ED53542B0887C60099F469 /* YXBBaseViewController.swift in Sources */,
				68ED534D2B0887870099F469 /* RSAPlugin.swift in Sources */,
				68ED53362B0887740099F469 /* NetworkManager.swift in Sources */,
				68ED53512B0887870099F469 /* ProgressPlugin.swift in Sources */,
				68ED53522B0887870099F469 /* MyMoyaExmple.swift in Sources */,
				68ED52DB2B0761520099F469 /* AppDelegate.swift in Sources */,
				68ED53212B0771F90099F469 /* UIFont+Const.swift in Sources */,
				68ED534F2B0887870099F469 /* NetowrkPluginManager.swift in Sources */,
				68ED53122B0771300099F469 /* YXBButton.swift in Sources */,
				68ED535E2B08C1B80099F469 /* IPNRSAUtil.swift in Sources */,
				68ED532D2B0772130099F469 /* NSObject+ClassName.swift in Sources */,
				68ED53282B0772130099F469 /* UIView+Gradient.swift in Sources */,
				68ED53342B0887740099F469 /* NetworkError.swift in Sources */,
				68ED53352B0887740099F469 /* NetworkCode.swift in Sources */,
				68ED53472B0887870099F469 /* APIParameters.swift in Sources */,
				68ED531F2B0771F90099F469 /* UIColor+Const.swift in Sources */,
				68ED53502B0887870099F469 /* AuthPlugin.swift in Sources */,
				68ED535C2B0894800099F469 /* LQNetWorkHostUrl.swift in Sources */,
				68ED534E2B0887870099F469 /* LogPlugin.swift in Sources */,
				68ED53372B0887740099F469 /* Env.swift in Sources */,
				68ED532B2B0772130099F469 /* UIFont+PingFang.swift in Sources */,
				68ED532C2B0772130099F469 /* UIButton+YXB.swift in Sources */,
				68ED535A2B088DA00099F469 /* AppDelegate+DBDebugTool.swift in Sources */,
				68ED53492B0887870099F469 /* APIServer.swift in Sources */,
				68ED532A2B0772130099F469 /* UIView+YYAdd.swift in Sources */,
				68ED532F2B08873E0099F469 /* NetworkBasicResponse.swift in Sources */,
				68ED534B2B0887870099F469 /* ToastPlugin.swift in Sources */,
				68ED530E2B07712A0099F469 /* YXBCountDownButton.swift in Sources */,
				68ED53202B0771F90099F469 /* Screen+Const.swift in Sources */,
				68ED53132B0771300099F469 /* TwoLineLabel.swift in Sources */,
				68ED53562B08882D0099F469 /* YXBImageCache.swift in Sources */,
				68ED534C2B0887870099F469 /* CachePlugin.swift in Sources */,
				68ED531B2B07719A0099F469 /* GCDTimerManager.swift in Sources */,
				68ED534A2B0887870099F469 /* LogCustomPlugin.swift in Sources */,
			);
			runOnlyForDeploymentPostprocessing = 0;
		};
/* End PBXSourcesBuildPhase section */

/* Begin XCBuildConfiguration section */
		68252F7E2B0B16350024EC76 /* Staging */ = {
			isa = XCBuildConfiguration;
			buildSettings = {
				ALWAYS_SEARCH_USER_PATHS = NO;
				ASSETCATALOG_COMPILER_GENERATE_SWIFT_ASSET_SYMBOL_EXTENSIONS = YES;
				CLANG_ANALYZER_NONNULL = YES;
				CLANG_ANALYZER_NUMBER_OBJECT_CONVERSION = YES_AGGRESSIVE;
				CLANG_CXX_LANGUAGE_STANDARD = "gnu++20";
				CLANG_ENABLE_MODULES = YES;
				CLANG_ENABLE_OBJC_ARC = YES;
				CLANG_ENABLE_OBJC_WEAK = YES;
				CLANG_WARN_BLOCK_CAPTURE_AUTORELEASING = YES;
				CLANG_WARN_BOOL_CONVERSION = YES;
				CLANG_WARN_COMMA = YES;
				CLANG_WARN_CONSTANT_CONVERSION = YES;
				CLANG_WARN_DEPRECATED_OBJC_IMPLEMENTATIONS = YES;
				CLANG_WARN_DIRECT_OBJC_ISA_USAGE = YES_ERROR;
				CLANG_WARN_DOCUMENTATION_COMMENTS = YES;
				CLANG_WARN_EMPTY_BODY = YES;
				CLANG_WARN_ENUM_CONVERSION = YES;
				CLANG_WARN_INFINITE_RECURSION = YES;
				CLANG_WARN_INT_CONVERSION = YES;
				CLANG_WARN_NON_LITERAL_NULL_CONVERSION = YES;
				CLANG_WARN_OBJC_IMPLICIT_RETAIN_SELF = YES;
				CLANG_WARN_OBJC_LITERAL_CONVERSION = YES;
				CLANG_WARN_OBJC_ROOT_CLASS = YES_ERROR;
				CLANG_WARN_QUOTED_INCLUDE_IN_FRAMEWORK_HEADER = YES;
				CLANG_WARN_RANGE_LOOP_ANALYSIS = YES;
				CLANG_WARN_STRICT_PROTOTYPES = YES;
				CLANG_WARN_SUSPICIOUS_MOVE = YES;
				CLANG_WARN_UNGUARDED_AVAILABILITY = YES_AGGRESSIVE;
				CLANG_WARN_UNREACHABLE_CODE = YES;
				CLANG_WARN__DUPLICATE_METHOD_MATCH = YES;
				COPY_PHASE_STRIP = NO;
				DEBUG_INFORMATION_FORMAT = dwarf;
				ENABLE_STRICT_OBJC_MSGSEND = YES;
				ENABLE_TESTABILITY = YES;
				ENABLE_USER_SCRIPT_SANDBOXING = NO;
				GCC_C_LANGUAGE_STANDARD = gnu17;
				GCC_DYNAMIC_NO_PIC = NO;
				GCC_NO_COMMON_BLOCKS = YES;
				GCC_OPTIMIZATION_LEVEL = 0;
				GCC_PREPROCESSOR_DEFINITIONS = (
					"STAGING=1",
					"$(inherited)",
				);
				GCC_WARN_64_TO_32_BIT_CONVERSION = YES;
				GCC_WARN_ABOUT_RETURN_TYPE = YES_ERROR;
				GCC_WARN_UNDECLARED_SELECTOR = YES;
				GCC_WARN_UNINITIALIZED_AUTOS = YES_AGGRESSIVE;
				GCC_WARN_UNUSED_FUNCTION = YES;
				GCC_WARN_UNUSED_VARIABLE = YES;
				IPHONEOS_DEPLOYMENT_TARGET = 17.0;
				LOCALIZATION_PREFERS_STRING_CATALOGS = YES;
				MTL_ENABLE_DEBUG_INFO = INCLUDE_SOURCE;
				MTL_FAST_MATH = YES;
				ONLY_ACTIVE_ARCH = YES;
				SDKROOT = iphoneos;
				SWIFT_ACTIVE_COMPILATION_CONDITIONS = "DEBUG $(inherited)";
				SWIFT_OPTIMIZATION_LEVEL = "-Onone";
			};
			name = Staging;
		};
		68252F7F2B0B16350024EC76 /* Staging */ = {
			isa = XCBuildConfiguration;
			baseConfigurationReference = 41AF1471FBF82B1FA0C960B3 /* Pods-YXBShelfProject.staging.xcconfig */;
			buildSettings = {
				ASSETCATALOG_COMPILER_APPICON_NAME = AppIcon;
				ASSETCATALOG_COMPILER_GLOBAL_ACCENT_COLOR_NAME = AccentColor;
				CODE_SIGN_STYLE = Automatic;
				CURRENT_PROJECT_VERSION = 1;
				DEVELOPMENT_ASSET_PATHS = "\"YXBShelfProject/Preview Content\"";
				DEVELOPMENT_TEAM = AP82MJSP3G;
				ENABLE_PREVIEWS = YES;
				GENERATE_INFOPLIST_FILE = YES;
				INFOPLIST_FILE = YXBShelfProject/Lanch/Info.plist;
				INFOPLIST_KEY_UIApplicationSupportsIndirectInputEvents = YES;
				INFOPLIST_KEY_UILaunchScreen_Generation = YES;
				INFOPLIST_KEY_UISupportedInterfaceOrientations = UIInterfaceOrientationPortrait;
				IPHONEOS_DEPLOYMENT_TARGET = 15.0;
				LD_RUNPATH_SEARCH_PATHS = (
					"$(inherited)",
					"@executable_path/Frameworks",
				);
				MARKETING_VERSION = 1.0;
				PRODUCT_BUNDLE_IDENTIFIER = com.baidu.www.YXBShelfProject;
				PRODUCT_NAME = "$(TARGET_NAME)";
				SWIFT_EMIT_LOC_STRINGS = YES;
				SWIFT_VERSION = 5.0;
				TARGETED_DEVICE_FAMILY = "1,2";
			};
			name = Staging;
		};
		68ED52D52B0760D80099F469 /* Debug */ = {
			isa = XCBuildConfiguration;
			buildSettings = {
				ALWAYS_SEARCH_USER_PATHS = NO;
				ASSETCATALOG_COMPILER_GENERATE_SWIFT_ASSET_SYMBOL_EXTENSIONS = YES;
				CLANG_ANALYZER_NONNULL = YES;
				CLANG_ANALYZER_NUMBER_OBJECT_CONVERSION = YES_AGGRESSIVE;
				CLANG_CXX_LANGUAGE_STANDARD = "gnu++20";
				CLANG_ENABLE_MODULES = YES;
				CLANG_ENABLE_OBJC_ARC = YES;
				CLANG_ENABLE_OBJC_WEAK = YES;
				CLANG_WARN_BLOCK_CAPTURE_AUTORELEASING = YES;
				CLANG_WARN_BOOL_CONVERSION = YES;
				CLANG_WARN_COMMA = YES;
				CLANG_WARN_CONSTANT_CONVERSION = YES;
				CLANG_WARN_DEPRECATED_OBJC_IMPLEMENTATIONS = YES;
				CLANG_WARN_DIRECT_OBJC_ISA_USAGE = YES_ERROR;
				CLANG_WARN_DOCUMENTATION_COMMENTS = YES;
				CLANG_WARN_EMPTY_BODY = YES;
				CLANG_WARN_ENUM_CONVERSION = YES;
				CLANG_WARN_INFINITE_RECURSION = YES;
				CLANG_WARN_INT_CONVERSION = YES;
				CLANG_WARN_NON_LITERAL_NULL_CONVERSION = YES;
				CLANG_WARN_OBJC_IMPLICIT_RETAIN_SELF = YES;
				CLANG_WARN_OBJC_LITERAL_CONVERSION = YES;
				CLANG_WARN_OBJC_ROOT_CLASS = YES_ERROR;
				CLANG_WARN_QUOTED_INCLUDE_IN_FRAMEWORK_HEADER = YES;
				CLANG_WARN_RANGE_LOOP_ANALYSIS = YES;
				CLANG_WARN_STRICT_PROTOTYPES = YES;
				CLANG_WARN_SUSPICIOUS_MOVE = YES;
				CLANG_WARN_UNGUARDED_AVAILABILITY = YES_AGGRESSIVE;
				CLANG_WARN_UNREACHABLE_CODE = YES;
				CLANG_WARN__DUPLICATE_METHOD_MATCH = YES;
				COPY_PHASE_STRIP = NO;
				DEBUG_INFORMATION_FORMAT = dwarf;
				ENABLE_STRICT_OBJC_MSGSEND = YES;
				ENABLE_TESTABILITY = YES;
				ENABLE_USER_SCRIPT_SANDBOXING = NO;
				GCC_C_LANGUAGE_STANDARD = gnu17;
				GCC_DYNAMIC_NO_PIC = NO;
				GCC_NO_COMMON_BLOCKS = YES;
				GCC_OPTIMIZATION_LEVEL = 0;
				GCC_PREPROCESSOR_DEFINITIONS = (
					"DEBUG=1",
					"$(inherited)",
				);
				GCC_WARN_64_TO_32_BIT_CONVERSION = YES;
				GCC_WARN_ABOUT_RETURN_TYPE = YES_ERROR;
				GCC_WARN_UNDECLARED_SELECTOR = YES;
				GCC_WARN_UNINITIALIZED_AUTOS = YES_AGGRESSIVE;
				GCC_WARN_UNUSED_FUNCTION = YES;
				GCC_WARN_UNUSED_VARIABLE = YES;
				IPHONEOS_DEPLOYMENT_TARGET = 17.0;
				LOCALIZATION_PREFERS_STRING_CATALOGS = YES;
				MTL_ENABLE_DEBUG_INFO = INCLUDE_SOURCE;
				MTL_FAST_MATH = YES;
				ONLY_ACTIVE_ARCH = YES;
				SDKROOT = iphoneos;
				SWIFT_ACTIVE_COMPILATION_CONDITIONS = "DEBUG $(inherited)";
				SWIFT_OPTIMIZATION_LEVEL = "-Onone";
			};
			name = Debug;
		};
		68ED52D62B0760D80099F469 /* Release */ = {
			isa = XCBuildConfiguration;
			buildSettings = {
				ALWAYS_SEARCH_USER_PATHS = NO;
				ASSETCATALOG_COMPILER_GENERATE_SWIFT_ASSET_SYMBOL_EXTENSIONS = YES;
				CLANG_ANALYZER_NONNULL = YES;
				CLANG_ANALYZER_NUMBER_OBJECT_CONVERSION = YES_AGGRESSIVE;
				CLANG_CXX_LANGUAGE_STANDARD = "gnu++20";
				CLANG_ENABLE_MODULES = YES;
				CLANG_ENABLE_OBJC_ARC = YES;
				CLANG_ENABLE_OBJC_WEAK = YES;
				CLANG_WARN_BLOCK_CAPTURE_AUTORELEASING = YES;
				CLANG_WARN_BOOL_CONVERSION = YES;
				CLANG_WARN_COMMA = YES;
				CLANG_WARN_CONSTANT_CONVERSION = YES;
				CLANG_WARN_DEPRECATED_OBJC_IMPLEMENTATIONS = YES;
				CLANG_WARN_DIRECT_OBJC_ISA_USAGE = YES_ERROR;
				CLANG_WARN_DOCUMENTATION_COMMENTS = YES;
				CLANG_WARN_EMPTY_BODY = YES;
				CLANG_WARN_ENUM_CONVERSION = YES;
				CLANG_WARN_INFINITE_RECURSION = YES;
				CLANG_WARN_INT_CONVERSION = YES;
				CLANG_WARN_NON_LITERAL_NULL_CONVERSION = YES;
				CLANG_WARN_OBJC_IMPLICIT_RETAIN_SELF = YES;
				CLANG_WARN_OBJC_LITERAL_CONVERSION = YES;
				CLANG_WARN_OBJC_ROOT_CLASS = YES_ERROR;
				CLANG_WARN_QUOTED_INCLUDE_IN_FRAMEWORK_HEADER = YES;
				CLANG_WARN_RANGE_LOOP_ANALYSIS = YES;
				CLANG_WARN_STRICT_PROTOTYPES = YES;
				CLANG_WARN_SUSPICIOUS_MOVE = YES;
				CLANG_WARN_UNGUARDED_AVAILABILITY = YES_AGGRESSIVE;
				CLANG_WARN_UNREACHABLE_CODE = YES;
				CLANG_WARN__DUPLICATE_METHOD_MATCH = YES;
				COPY_PHASE_STRIP = NO;
				DEBUG_INFORMATION_FORMAT = "dwarf-with-dsym";
				ENABLE_NS_ASSERTIONS = NO;
				ENABLE_STRICT_OBJC_MSGSEND = YES;
				ENABLE_USER_SCRIPT_SANDBOXING = NO;
				GCC_C_LANGUAGE_STANDARD = gnu17;
				GCC_NO_COMMON_BLOCKS = YES;
				GCC_WARN_64_TO_32_BIT_CONVERSION = YES;
				GCC_WARN_ABOUT_RETURN_TYPE = YES_ERROR;
				GCC_WARN_UNDECLARED_SELECTOR = YES;
				GCC_WARN_UNINITIALIZED_AUTOS = YES_AGGRESSIVE;
				GCC_WARN_UNUSED_FUNCTION = YES;
				GCC_WARN_UNUSED_VARIABLE = YES;
				IPHONEOS_DEPLOYMENT_TARGET = 17.0;
				LOCALIZATION_PREFERS_STRING_CATALOGS = YES;
				MTL_ENABLE_DEBUG_INFO = NO;
				MTL_FAST_MATH = YES;
				SDKROOT = iphoneos;
				SWIFT_COMPILATION_MODE = wholemodule;
				VALIDATE_PRODUCT = YES;
			};
			name = Release;
		};
		68ED52D82B0760D80099F469 /* Debug */ = {
			isa = XCBuildConfiguration;
			baseConfigurationReference = 33E84C5C1F29AE3702F08AC2 /* Pods-YXBShelfProject.debug.xcconfig */;
			buildSettings = {
				ASSETCATALOG_COMPILER_APPICON_NAME = AppIcon;
				ASSETCATALOG_COMPILER_GLOBAL_ACCENT_COLOR_NAME = AccentColor;
				CODE_SIGN_STYLE = Automatic;
				CURRENT_PROJECT_VERSION = 1;
				DEVELOPMENT_ASSET_PATHS = "\"YXBShelfProject/Preview Content\"";
				DEVELOPMENT_TEAM = AP82MJSP3G;
				ENABLE_PREVIEWS = YES;
				GENERATE_INFOPLIST_FILE = YES;
				INFOPLIST_FILE = YXBShelfProject/Lanch/Info.plist;
				INFOPLIST_KEY_UIApplicationSupportsIndirectInputEvents = YES;
				INFOPLIST_KEY_UILaunchScreen_Generation = YES;
				INFOPLIST_KEY_UISupportedInterfaceOrientations = UIInterfaceOrientationPortrait;
				IPHONEOS_DEPLOYMENT_TARGET = 15.0;
				LD_RUNPATH_SEARCH_PATHS = (
					"$(inherited)",
					"@executable_path/Frameworks",
				);
				MARKETING_VERSION = 1.0;
				PRODUCT_BUNDLE_IDENTIFIER = com.baidu.www.YXBShelfProject;
				PRODUCT_NAME = "$(TARGET_NAME)";
				SWIFT_EMIT_LOC_STRINGS = YES;
				SWIFT_VERSION = 5.0;
				TARGETED_DEVICE_FAMILY = "1,2";
			};
			name = Debug;
		};
		68ED52D92B0760D80099F469 /* Release */ = {
			isa = XCBuildConfiguration;
			baseConfigurationReference = 6BDE22C351AFDE9FE70F1451 /* Pods-YXBShelfProject.release.xcconfig */;
			buildSettings = {
				ASSETCATALOG_COMPILER_APPICON_NAME = AppIcon;
				ASSETCATALOG_COMPILER_GLOBAL_ACCENT_COLOR_NAME = AccentColor;
				CODE_SIGN_STYLE = Automatic;
				CURRENT_PROJECT_VERSION = 1;
				DEVELOPMENT_ASSET_PATHS = "\"YXBShelfProject/Preview Content\"";
				DEVELOPMENT_TEAM = AP82MJSP3G;
				ENABLE_PREVIEWS = YES;
				GCC_PREPROCESSOR_DEFINITIONS = "$(inherited)";
				GENERATE_INFOPLIST_FILE = YES;
				INFOPLIST_FILE = YXBShelfProject/Lanch/Info.plist;
				INFOPLIST_KEY_UIApplicationSupportsIndirectInputEvents = YES;
				INFOPLIST_KEY_UILaunchScreen_Generation = YES;
				INFOPLIST_KEY_UISupportedInterfaceOrientations = UIInterfaceOrientationPortrait;
				IPHONEOS_DEPLOYMENT_TARGET = 15.0;
				LD_RUNPATH_SEARCH_PATHS = (
					"$(inherited)",
					"@executable_path/Frameworks",
				);
				MARKETING_VERSION = 1.0;
				PRODUCT_BUNDLE_IDENTIFIER = com.baidu.www.YXBShelfProject;
				PRODUCT_NAME = "$(TARGET_NAME)";
				SWIFT_EMIT_LOC_STRINGS = YES;
				SWIFT_VERSION = 5.0;
				TARGETED_DEVICE_FAMILY = "1,2";
			};
			name = Release;
		};
/* End XCBuildConfiguration section */

/* Begin XCConfigurationList section */
		68ED52C42B0760D60099F469 /* Build configuration list for PBXProject "YXBShelfProject" */ = {
			isa = XCConfigurationList;
			buildConfigurations = (
				68ED52D52B0760D80099F469 /* Debug */,
				68252F7E2B0B16350024EC76 /* Staging */,
				68ED52D62B0760D80099F469 /* Release */,
			);
			defaultConfigurationIsVisible = 0;
			defaultConfigurationName = Release;
		};
		68ED52D72B0760D80099F469 /* Build configuration list for PBXNativeTarget "YXBShelfProject" */ = {
			isa = XCConfigurationList;
			buildConfigurations = (
				68ED52D82B0760D80099F469 /* Debug */,
				68252F7F2B0B16350024EC76 /* Staging */,
				68ED52D92B0760D80099F469 /* Release */,
			);
			defaultConfigurationIsVisible = 0;
			defaultConfigurationName = Release;
		};
/* End XCConfigurationList section */
	};
	rootObject = 68ED52C12B0760D60099F469 /* Project object */;
}
